{
  "pins" : [
    {
      "identity" : "activelabel.swift",
      "kind" : "remoteSourceControl",
      "location" : "https://github.com/optonaut/ActiveLabel.swift",
      "state" : {
        "revision" : "36949c1a69ef8b40574da20c9e24b115f387b1cf",
        "version" : "1.1.5"
      }
    },
    {
      "identity" : "adnavigationbarextension",
      "kind" : "remoteSourceControl",
      "location" : "https://github.com/OmerFlame/ADNavigationBarExtension",
      "state" : {
        "branch" : "master",
        "revision" : "4587d29004bc79c37ab0b397851a381ecc0ba8f1"
      }
    },
    {
      "identity" : "adutils",
      "kind" : "remoteSourceControl",
      "location" : "https://github.com/faberNovel/ADUtils.git",
      "state" : {
        "revision" : "ee4125db3a0e0fa284a265bb66d1dfe8b65c8cea",
        "version" : "11.3.0"
      }
    },
    {
      "identity" : "badgecontrol",
      "kind" : "remoteSourceControl",
      "location" : "https://github.com/OmerFlame/BadgeControl",
      "state" : {
        "branch" : "master",
        "revision" : "917b914ea376456252232c75ae906bf0a5c4dde3"
      }
    },
    {
      "identity" : "haptica",
      "kind" : "remoteSourceControl",
      "location" : "https://github.com/efremidze/Haptica",
      "state" : {
        "revision" : "e03932406d2f36f10beefd31717730b2c2fa9014",
        "version" : "3.0.3"
      }
    },
    {
      "identity" : "inappsettingskit",
      "kind" : "remoteSourceControl",
      "location" : "https://github.com/futuretap/InAppSettingsKit",
      "state" : {
        "revision" : "1c5122f51206ea86b2301ea8a93e7703617a9b40",
        "version" : "3.3.6"
      }
    },
    {
      "identity" : "osplaceholdertextview",
      "kind" : "remoteSourceControl",
      "location" : "https://github.com/OmerFlame/OSPlaceholderTextView",
      "state" : {
        "revision" : "f498a1a2a475a796ccd7ce322e6970ee652c7481",
        "version" : "1.0.3"
      }
    },
    {
      "identity" : "pullupcontroller",
      "kind" : "remoteSourceControl",
      "location" : "https://github.com/MarioIannotta/PullUpController",
      "state" : {
        "revision" : "6192b4745a4423e8fd2dc0a4eb8d34ca247a5163",
        "version" : "0.8.0"
      }
    },
    {
      "identity" : "sentry-cocoa",
      "kind" : "remoteSourceControl",
      "location" : "https://github.com/getsentry/sentry-cocoa",
      "state" : {
        "revision" : "c348f6e884873143282e7c6cd2c856fac971ea8c",
        "version" : "7.12.0"
      }
    },
    {
      "identity" : "spalert",
      "kind" : "remoteSourceControl",
      "location" : "https://github.com/ivanvorobei/SPAlert",
      "state" : {
        "revision" : "17939549b8a7c7574c8de5b4f0c017cbbc5c79d2",
        "version" : "3.5.1"
      }
    },
    {
      "identity" : "swifthexcolors",
      "kind" : "remoteSourceControl",
      "location" : "https://github.com/thii/SwiftHEXColors.git",
      "state" : {
        "revision" : "1f886cb20fedda14a5ac75efd09bc99c95b43a18",
        "version" : "1.4.1"
      }
    },
    {
      "identity" : "swiftkeychainwrapper",
      "kind" : "remoteSourceControl",
      "location" : "https://github.com/jrendel/SwiftKeychainWrapper",
      "state" : {
        "revision" : "185a3165346a03767101c4f62e9a545a0fe0530f",
        "version" : "4.0.1"
      }
    },
    {
      "identity" : "swiftrant",
      "kind" : "remoteSourceControl",
      "location" : "https://github.com/OmerFlame/SwiftRant.git",
      "state" : {
        "branch" : "main",
        "revision" : "5e258262a9e327d66676c6cb1348cc19cc0f992b"
      }
    }
  ],
  "version" : 2
}
