{
  "object": {
    "pins": [
      {
        "package": "ActiveLabel",
        "repositoryURL": "https://github.com/optonaut/ActiveLabel.swift",
        "state": {
          "branch": null,
          "revision": "36949c1a69ef8b40574da20c9e24b115f387b1cf",
          "version": "1.1.5"
        }
      },
      {
        "package": "FloatingPanel",
        "repositoryURL": "https://github.com/scenee/FloatingPanel",
        "state": {
          "branch": null,
          "revision": "16fea625be25d9a713630a4a43cbc0778740ebf4",
          "version": "2.3.0"
        }
      },
      {
        "package": "Haptica",
        "repositoryURL": "https://github.com/efremidze/Haptica",
        "state": {
          "branch": null,
          "revision": "4084702c85102c2d17d58e42ec5a750094944864",
          "version": "3.0.2"
        }
      },
      {
        "package": "PullUpController",
        "repositoryURL": "https://github.com/MarioIannotta/PullUpController",
        "state": {
          "branch": null,
          "revision": "6192b4745a4423e8fd2dc0a4eb8d34ca247a5163",
          "version": "0.8.0"
        }
      },
      {
        "package": "Sentry",
        "repositoryURL": "https://github.com/getsentry/sentry-cocoa",
        "state": {
          "branch": null,
          "revision": "eb09cfa3ebcb96ca4a7f8f8de6c5d7aff4c48c0e",
          "version": "7.2.7"
        }
      },
      {
        "package": "SPAlert",
        "repositoryURL": "https://github.com/ivanvorobei/SPAlert",
        "state": {
          "branch": null,
          "revision": "2a2d80bf65945108ace5f639d43473a2d1c059e6",
          "version": "3.4.0"
        }
      }
    ]
  },
  "version": 1
}
