PODS:
  - ADNavigationBarExtension (1.0.3):
    - ADUtils (~> 11.0)
  - ADUtils (11.1.0):
    - ADUtils/objc (= 11.1.0)
  - ADUtils/objc (11.1.0):
    - ADUtils/Swift
  - ADUtils/Swift (11.1.0)
  - ContextLabel (1.5.0)

DEPENDENCIES:
  - ADNavigationBarExtension
  - ContextLabel (~> 1.5.0)

SPEC REPOS:
  trunk:
    - ADNavigationBarExtension
    - ADUtils
    - ContextLabel

SPEC CHECKSUMS:
  ADNavigationBarExtension: 973b264907aa9ad10f33854e0230e84921716e73
  ADUtils: cd770205ffc7b976bd0cd3bc68d78018054ba3fd
  ContextLabel: 1cda17e227fc6efdb1a6df6fb7a5a1597d353cd3

PODFILE CHECKSUM: a1d64bdb5ebf0f0f15ffd7a9e4756d5094313b1f

COCOAPODS: 1.10.1
