// !$*UTF8*$!
{
	archiveVersion = 1;
	classes = {
	};
	objectVersion = 52;
	objects = {

/* Begin PBXBuildFile section */
		59007D8F25C1703D0088EC33 /* ActiveLabel in Frameworks */ = {isa = PBXBuildFile; productRef = 59007D8E25C1703D0088EC33 /* ActiveLabel */; };
		59039EB225DE3EC800584667 /* UserDefaults+group.swift in Sources */ = {isa = PBXBuildFile; fileRef = 59039EB125DE3EC800584667 /* UserDefaults+group.swift */; };
		59039EB525DE47D700584667 /* ios-76x76.png in Resources */ = {isa = PBXBuildFile; fileRef = 59039EB425DE47D700584667 /* ios-76x76.png */; };
		5904016A257627A3002B062A /* AppDelegate.swift in Sources */ = {isa = PBXBuildFile; fileRef = 59040169257627A3002B062A /* AppDelegate.swift */; };
		5904016C257627A3002B062A /* SceneDelegate.swift in Sources */ = {isa = PBXBuildFile; fileRef = 5904016B257627A3002B062A /* SceneDelegate.swift */; };
		5904016E257627A3002B062A /* ViewController.swift in Sources */ = {isa = PBXBuildFile; fileRef = 5904016D257627A3002B062A /* ViewController.swift */; };
		59040171257627A3002B062A /* Main.storyboard in Resources */ = {isa = PBXBuildFile; fileRef = 5904016F257627A3002B062A /* Main.storyboard */; };
		59040173257627A5002B062A /* Assets.xcassets in Resources */ = {isa = PBXBuildFile; fileRef = 59040172257627A5002B062A /* Assets.xcassets */; };
		59040176257627A5002B062A /* LaunchScreen.storyboard in Resources */ = {isa = PBXBuildFile; fileRef = 59040174257627A5002B062A /* LaunchScreen.storyboard */; };
		5904018225762953002B062A /* RantInFeedCell.swift in Sources */ = {isa = PBXBuildFile; fileRef = 5904018025762953002B062A /* RantInFeedCell.swift */; };
		5904018325762953002B062A /* RantInFeedCell.xib in Resources */ = {isa = PBXBuildFile; fileRef = 5904018125762953002B062A /* RantInFeedCell.xib */; };
		59046D9F25A31F0D00C9B4D3 /* NotificationsTableViewController.swift in Sources */ = {isa = PBXBuildFile; fileRef = 59046D9E25A31F0D00C9B4D3 /* NotificationsTableViewController.swift */; };
		59046DA225A3257400C9B4D3 /* ScrollUISegmentController.swift in Sources */ = {isa = PBXBuildFile; fileRef = 59046DA125A3257400C9B4D3 /* ScrollUISegmentController.swift */; };
		590788432795755A002151A1 /* LoadingCell.xib in Resources */ = {isa = PBXBuildFile; fileRef = 590788422795755A002151A1 /* LoadingCell.xib */; };
		59078845279575F7002151A1 /* LoadingCell.swift in Sources */ = {isa = PBXBuildFile; fileRef = 59078844279575F7002151A1 /* LoadingCell.swift */; };
		590788482796ACB6002151A1 /* BadgeControl in Frameworks */ = {isa = PBXBuildFile; productRef = 590788472796ACB6002151A1 /* BadgeControl */; };
		5907884B2796B3A8002151A1 /* ADNavigationBarExtension in Frameworks */ = {isa = PBXBuildFile; productRef = 5907884A2796B3A8002151A1 /* ADNavigationBarExtension */; };
		59095F5E25961CB40074BABC /* ComposeViewController.storyboard in Resources */ = {isa = PBXBuildFile; fileRef = 59095F5D25961CB40074BABC /* ComposeViewController.storyboard */; };
		590A82862580B6600025F11A /* StretchyTableHeaderView.swift in Sources */ = {isa = PBXBuildFile; fileRef = 590A82852580B6600025F11A /* StretchyTableHeaderView.swift */; };
		590FBD2F2631BBAA001DDA9B /* Appfile in Resources */ = {isa = PBXBuildFile; fileRef = 590FBD2A2631BBAA001DDA9B /* Appfile */; };
		590FBD312631BBAA001DDA9B /* Pluginfile in Resources */ = {isa = PBXBuildFile; fileRef = 590FBD2C2631BBAA001DDA9B /* Pluginfile */; };
		590FBD322631BBAA001DDA9B /* README.md in Resources */ = {isa = PBXBuildFile; fileRef = 590FBD2D2631BBAA001DDA9B /* README.md */; };
		590FBD372631BFF4001DDA9B /* .gitignore in Resources */ = {isa = PBXBuildFile; fileRef = 590FBD362631BFF3001DDA9B /* .gitignore */; };
		59200B6828CDC8490006C607 /* WeeklyRantHeaderMedium.xib in Resources */ = {isa = PBXBuildFile; fileRef = 59200B6728CDC8490006C607 /* WeeklyRantHeaderMedium.xib */; };
		5921F2C22598E53900540CF5 /* MoreTableViewController.swift in Sources */ = {isa = PBXBuildFile; fileRef = 5921F2C12598E53900540CF5 /* MoreTableViewController.swift */; };
		5922A55525778C90009F3025 /* LoginViewController.storyboard in Resources */ = {isa = PBXBuildFile; fileRef = 5922A55425778C90009F3025 /* LoginViewController.storyboard */; };
		592B1B2F2578F31300109377 /* RantViewController.swift in Sources */ = {isa = PBXBuildFile; fileRef = 592B1B2E2578F31300109377 /* RantViewController.swift */; };
		592F7D2725A4486C005813FA /* RantUpvoteCell.swift in Sources */ = {isa = PBXBuildFile; fileRef = 592F7D2625A4486C005813FA /* RantUpvoteCell.swift */; };
		59306E962578E68600F6AD08 /* RantViewController.storyboard in Resources */ = {isa = PBXBuildFile; fileRef = 59306E952578E68600F6AD08 /* RantViewController.storyboard */; };
		593395A426E4B9A20022788C /* Sentry in Frameworks */ = {isa = PBXBuildFile; productRef = 593395A326E4B9A20022788C /* Sentry */; };
		593B17B025D14C41001FAF6F /* StoriesViewController.swift in Sources */ = {isa = PBXBuildFile; fileRef = 593B17AF25D14C41001FAF6F /* StoriesViewController.swift */; };
		594A21E727B3B03C00AD6D75 /* SwiftRant in Frameworks */ = {isa = PBXBuildFile; productRef = 594A21E627B3B03C00AD6D75 /* SwiftRant */; };
		594A21EA27B3B48D00AD6D75 /* OSPlaceholderTextView in Frameworks */ = {isa = PBXBuildFile; productRef = 594A21E927B3B48D00AD6D75 /* OSPlaceholderTextView */; };
		594EDDDC2709BC9B0087F50B /* SafariWebExtensionHandler.swift in Sources */ = {isa = PBXBuildFile; fileRef = 594EDDDB2709BC9B0087F50B /* SafariWebExtensionHandler.swift */; };
		594EDDDF2709BC9B0087F50B /* _locales in Resources */ = {isa = PBXBuildFile; fileRef = 594EDDDE2709BC9B0087F50B /* _locales */; };
		594EDDE12709BC9C0087F50B /* images in Resources */ = {isa = PBXBuildFile; fileRef = 594EDDE02709BC9C0087F50B /* images */; };
		594EDDE32709BC9C0087F50B /* manifest.json in Resources */ = {isa = PBXBuildFile; fileRef = 594EDDE22709BC9C0087F50B /* manifest.json */; };
		594EDDE52709BC9C0087F50B /* background.js in Resources */ = {isa = PBXBuildFile; fileRef = 594EDDE42709BC9C0087F50B /* background.js */; };
		594EDDE72709BC9C0087F50B /* content.js in Resources */ = {isa = PBXBuildFile; fileRef = 594EDDE62709BC9C0087F50B /* content.js */; };
		594EDDE92709BC9C0087F50B /* popup.html in Resources */ = {isa = PBXBuildFile; fileRef = 594EDDE82709BC9C0087F50B /* popup.html */; };
		594EDDEB2709BC9C0087F50B /* popup.css in Resources */ = {isa = PBXBuildFile; fileRef = 594EDDEA2709BC9C0087F50B /* popup.css */; };
		594EDDED2709BC9C0087F50B /* popup.js in Resources */ = {isa = PBXBuildFile; fileRef = 594EDDEC2709BC9C0087F50B /* popup.js */; };
		594EDDF12709BC9C0087F50B /* Open with AltRant.appex in Embed Foundation Extensions */ = {isa = PBXBuildFile; fileRef = 594EDDD92709BC9A0087F50B /* Open with AltRant.appex */; settings = {ATTRIBUTES = (RemoveHeadersOnCopy, ); }; };
		5954C26525AD78D1008B70D2 /* ExpandingSegmentedView.swift in Sources */ = {isa = PBXBuildFile; fileRef = 5954C26425AD78D1008B70D2 /* ExpandingSegmentedView.swift */; };
		5954C26825AD8E9B008B70D2 /* RantCommentCell.swift in Sources */ = {isa = PBXBuildFile; fileRef = 5954C26725AD8E9A008B70D2 /* RantCommentCell.swift */; };
		5958FC76257AD89A003D1EDD /* KeyboardAvoiding.swift in Sources */ = {isa = PBXBuildFile; fileRef = 5958FC75257AD89A003D1EDD /* KeyboardAvoiding.swift */; };
		5958FC79257AD8B8003D1EDD /* KeyboardAvoidingView.swift in Sources */ = {isa = PBXBuildFile; fileRef = 5958FC78257AD8B8003D1EDD /* KeyboardAvoidingView.swift */; };
		5959E9FA27FAC98600E9A10F /* FeedDelegate.swift in Sources */ = {isa = PBXBuildFile; fileRef = 5959E9F927FAC98600E9A10F /* FeedDelegate.swift */; };
		595B984827C60B5100C30068 /* SubscribedFeedViewController.swift in Sources */ = {isa = PBXBuildFile; fileRef = 595B984727C60B5100C30068 /* SubscribedFeedViewController.swift */; };
		595B984A27C60BB900C30068 /* RantInSubscribedFeedCell.swift in Sources */ = {isa = PBXBuildFile; fileRef = 595B984927C60BB900C30068 /* RantInSubscribedFeedCell.swift */; };
		595B984C27C6235900C30068 /* RecommendedUserCell.swift in Sources */ = {isa = PBXBuildFile; fileRef = 595B984B27C6235900C30068 /* RecommendedUserCell.swift */; };
		59625C4727D48D63005D58E1 /* SwiftHEXColors in Frameworks */ = {isa = PBXBuildFile; productRef = 59625C4627D48D63005D58E1 /* SwiftHEXColors */; };
		5964685228D6ECD800B85017 /* WeekCell.swift in Sources */ = {isa = PBXBuildFile; fileRef = 5964685128D6ECD800B85017 /* WeekCell.swift */; };
		596B819F25B06E56000D8922 /* UITapGestureRecognizer+didTapInsideWrappedText.swift in Sources */ = {isa = PBXBuildFile; fileRef = 596B819E25B06E56000D8922 /* UITapGestureRecognizer+didTapInsideWrappedText.swift */; };
		597D9A5E28CDF9AC0046AC3B /* WeeklyRantHeaderSmall.swift in Sources */ = {isa = PBXBuildFile; fileRef = 597D9A5D28CDF9AC0046AC3B /* WeeklyRantHeaderSmall.swift */; };
		5980330A27D499E700E59922 /* RecommendedUsersCell.xib in Resources */ = {isa = PBXBuildFile; fileRef = 5980330927D499E700E59922 /* RecommendedUsersCell.xib */; };
		5980330C27D49C2B00E59922 /* InternalRecommendedUserCell.xib in Resources */ = {isa = PBXBuildFile; fileRef = 5980330B27D49C2B00E59922 /* InternalRecommendedUserCell.xib */; };
		59835E872737C0050022D272 /* SettingsViewControllerBackup.storyboard in Resources */ = {isa = PBXBuildFile; fileRef = 59835E862737C0050022D272 /* SettingsViewControllerBackup.storyboard */; };
		598FEE7128D2F1F3003CF357 /* InAppSettingsKit in Frameworks */ = {isa = PBXBuildFile; productRef = 598FEE7028D2F1F3003CF357 /* InAppSettingsKit */; };
		598FEE7528D2FB13003CF357 /* InAppSettings.bundle in Resources */ = {isa = PBXBuildFile; fileRef = 598FEE7428D2FB13003CF357 /* InAppSettings.bundle */; };
		598FEE7728D2FC44003CF357 /* SettingsViewController.storyboard in Resources */ = {isa = PBXBuildFile; fileRef = 598FEE7628D2FC44003CF357 /* SettingsViewController.storyboard */; };
		598FEE7928D31ADC003CF357 /* WeeklyRantHeaderSmall.xib in Resources */ = {isa = PBXBuildFile; fileRef = 598FEE7828D31ADC003CF357 /* WeeklyRantHeaderSmall.xib */; };
		598FEE7B28D31DC8003CF357 /* WeeksTableViewController.swift in Sources */ = {isa = PBXBuildFile; fileRef = 598FEE7A28D31DC8003CF357 /* WeeksTableViewController.swift */; };
		5990650A257643B30058C1D7 /* CloseButton.swift in Sources */ = {isa = PBXBuildFile; fileRef = 59906509257643B30058C1D7 /* CloseButton.swift */; };
		5990650E257643D60058C1D7 /* TagListView.swift in Sources */ = {isa = PBXBuildFile; fileRef = 5990650D257643D60058C1D7 /* TagListView.swift */; };
		59906511257644120058C1D7 /* TagView.swift in Sources */ = {isa = PBXBuildFile; fileRef = 59906510257644120058C1D7 /* TagView.swift */; };
		5990652125765FE10058C1D7 /* File.swift in Sources */ = {isa = PBXBuildFile; fileRef = 5990651A25765FE10058C1D7 /* File.swift */; };
		5990652D257668FD0058C1D7 /* User.swift in Sources */ = {isa = PBXBuildFile; fileRef = 5990652C257668FD0058C1D7 /* User.swift */; };
		59A42E8528C722EC00344CF9 /* WeeklyRantHeaderLarge.xib in Resources */ = {isa = PBXBuildFile; fileRef = 59A42E8428C722EC00344CF9 /* WeeklyRantHeaderLarge.xib */; };
		59A42E8728C7271000344CF9 /* WeeklyRantHeaderLarge.swift in Sources */ = {isa = PBXBuildFile; fileRef = 59A42E8628C7271000344CF9 /* WeeklyRantHeaderLarge.swift */; };
		59A7D9FA2737E62D000576B7 /* SettingsViewController.swift in Sources */ = {isa = PBXBuildFile; fileRef = 59A7D9F92737E62D000576B7 /* SettingsViewController.swift */; };
		59A96EB3265AABBF0040B854 /* UIAlertController+CustomView.swift in Sources */ = {isa = PBXBuildFile; fileRef = 59A96EB2265AABBF0040B854 /* UIAlertController+CustomView.swift */; };
		59A9E69925CFCA3500DC6065 /* SecondaryRantInFeed.swift in Sources */ = {isa = PBXBuildFile; fileRef = 59A9E69725CFCA3500DC6065 /* SecondaryRantInFeed.swift */; };
		59A9E69A25CFCA3500DC6065 /* SecondaryRantInFeedCell.xib in Resources */ = {isa = PBXBuildFile; fileRef = 59A9E69825CFCA3500DC6065 /* SecondaryRantInFeedCell.xib */; };
		59AD346125ADB1C6004D5DD6 /* Cache.swift in Sources */ = {isa = PBXBuildFile; fileRef = 59AD346025ADB1C6004D5DD6 /* Cache.swift */; };
		59B842EC25947876007F16FC /* UITableView+getAllCells.swift in Sources */ = {isa = PBXBuildFile; fileRef = 59B842EB25947876007F16FC /* UITableView+getAllCells.swift */; };
		59B85CBE25988DA300E46948 /* UINavigationController+.swift in Sources */ = {isa = PBXBuildFile; fileRef = 59B85CBD25988DA300E46948 /* UINavigationController+.swift */; };
		59B85CC12598DAD900E46948 /* MoreCell.swift in Sources */ = {isa = PBXBuildFile; fileRef = 59B85CC02598DAD900E46948 /* MoreCell.swift */; };
		59C2EFE425E25C2D00BBCDAB /* AvatarEditorViewController.swift in Sources */ = {isa = PBXBuildFile; fileRef = 59C2EFE225E25C2D00BBCDAB /* AvatarEditorViewController.swift */; };
		59C2EFEB25E25C7F00BBCDAB /* AvatarEditorViewController.storyboard in Resources */ = {isa = PBXBuildFile; fileRef = 59C2EFEA25E25C7F00BBCDAB /* AvatarEditorViewController.storyboard */; };
		59C2EFEF25E25E5E00BBCDAB /* AvatarEditorPickerViewController.swift in Sources */ = {isa = PBXBuildFile; fileRef = 59C2EFEE25E25E5E00BBCDAB /* AvatarEditorPickerViewController.swift */; };
		59C2EFF325E26D4700BBCDAB /* UIViewController+.swift in Sources */ = {isa = PBXBuildFile; fileRef = 59C2EFF225E26D4700BBCDAB /* UIViewController+.swift */; };
		59C3A1D9257E0FAB0082E76F /* UIImage+.swift in Sources */ = {isa = PBXBuildFile; fileRef = 59C3A1D8257E0FAB0082E76F /* UIImage+.swift */; };
		59C3A1E4257E972F0082E76F /* CommentCell.swift in Sources */ = {isa = PBXBuildFile; fileRef = 59C3A1E2257E972F0082E76F /* CommentCell.swift */; };
		59C3A1E5257E972F0082E76F /* CommentCell.xib in Resources */ = {isa = PBXBuildFile; fileRef = 59C3A1E3257E972F0082E76F /* CommentCell.xib */; };
		59CA4FB125CA8BB6005FB279 /* PullUpController in Frameworks */ = {isa = PBXBuildFile; productRef = 59CA4FB025CA8BB6005FB279 /* PullUpController */; };
		59D253562593334400BEA35A /* Double+truncate.swift in Sources */ = {isa = PBXBuildFile; fileRef = 59D253552593334400BEA35A /* Double+truncate.swift */; };
		59D2B95427059AAB00C695E3 /* SPAlert in Frameworks */ = {isa = PBXBuildFile; productRef = 59D2B95327059AAB00C695E3 /* SPAlert */; };
		59DA0F712580FB5E00AF49BB /* ProfileTableViewController.swift in Sources */ = {isa = PBXBuildFile; fileRef = 59DA0F6F2580FB5E00AF49BB /* ProfileTableViewController.swift */; };
		59DA0F772580FC3400AF49BB /* ProfileTableViewController.storyboard in Resources */ = {isa = PBXBuildFile; fileRef = 59DA0F762580FC3400AF49BB /* ProfileTableViewController.storyboard */; };
		59DB9CC9262C76C4009A4704 /* Haptica in Frameworks */ = {isa = PBXBuildFile; productRef = 59DB9CC8262C76C4009A4704 /* Haptica */; };
		59E671632576AD12007EEB28 /* RantCell.swift in Sources */ = {isa = PBXBuildFile; fileRef = 59E671612576AD12007EEB28 /* RantCell.swift */; };
		59E671642576AD12007EEB28 /* RantCell.xib in Resources */ = {isa = PBXBuildFile; fileRef = 59E671622576AD12007EEB28 /* RantCell.xib */; };
		59E671672576BAF4007EEB28 /* PaddingLabel.swift in Sources */ = {isa = PBXBuildFile; fileRef = 59E671662576BAF4007EEB28 /* PaddingLabel.swift */; };
		59E6716A2576BD74007EEB28 /* RoundedImageView.swift in Sources */ = {isa = PBXBuildFile; fileRef = 59E671692576BD74007EEB28 /* RoundedImageView.swift */; };
		59E671752576CE5B007EEB28 /* LoginViewController.swift in Sources */ = {isa = PBXBuildFile; fileRef = 59E671732576CE5B007EEB28 /* LoginViewController.swift */; };
		59EF12D928C9DF23002D23CA /* WeeklyRantFeedViewController.swift in Sources */ = {isa = PBXBuildFile; fileRef = 59EF12D828C9DF23002D23CA /* WeeklyRantFeedViewController.swift */; };
		59FFE6E72594AD9800C3AB0B /* ComposeViewController.swift in Sources */ = {isa = PBXBuildFile; fileRef = 59FFE6E52594AD9800C3AB0B /* ComposeViewController.swift */; };
/* End PBXBuildFile section */

/* Begin PBXContainerItemProxy section */
		594EDDEF2709BC9C0087F50B /* PBXContainerItemProxy */ = {
			isa = PBXContainerItemProxy;
			containerPortal = 5904015E257627A3002B062A /* Project object */;
			proxyType = 1;
			remoteGlobalIDString = 594EDDD82709BC9A0087F50B;
			remoteInfo = "Open with AltRant";
		};
/* End PBXContainerItemProxy section */

/* Begin PBXCopyFilesBuildPhase section */
		59039ECA25DE484800584667 /* Embed Foundation Extensions */ = {
			isa = PBXCopyFilesBuildPhase;
			buildActionMask = 2147483647;
			dstPath = "";
			dstSubfolderSpec = 13;
			files = (
				594EDDF12709BC9C0087F50B /* Open with AltRant.appex in Embed Foundation Extensions */,
			);
			name = "Embed Foundation Extensions";
			runOnlyForDeploymentPostprocessing = 0;
		};
/* End PBXCopyFilesBuildPhase section */

/* Begin PBXFileReference section */
		59039EB125DE3EC800584667 /* UserDefaults+group.swift */ = {isa = PBXFileReference; lastKnownFileType = sourcecode.swift; path = "UserDefaults+group.swift"; sourceTree = "<group>"; };
		59039EB425DE47D700584667 /* ios-76x76.png */ = {isa = PBXFileReference; lastKnownFileType = image.png; path = "ios-76x76.png"; sourceTree = "<group>"; };
		59040166257627A3002B062A /* AltRant.app */ = {isa = PBXFileReference; explicitFileType = wrapper.application; includeInIndex = 0; path = AltRant.app; sourceTree = BUILT_PRODUCTS_DIR; };
		59040169257627A3002B062A /* AppDelegate.swift */ = {isa = PBXFileReference; lastKnownFileType = sourcecode.swift; path = AppDelegate.swift; sourceTree = "<group>"; };
		5904016B257627A3002B062A /* SceneDelegate.swift */ = {isa = PBXFileReference; lastKnownFileType = sourcecode.swift; path = SceneDelegate.swift; sourceTree = "<group>"; };
		5904016D257627A3002B062A /* ViewController.swift */ = {isa = PBXFileReference; lastKnownFileType = sourcecode.swift; path = ViewController.swift; sourceTree = "<group>"; };
		59040170257627A3002B062A /* Base */ = {isa = PBXFileReference; lastKnownFileType = file.storyboard; name = Base; path = Base.lproj/Main.storyboard; sourceTree = "<group>"; };
		59040172257627A5002B062A /* Assets.xcassets */ = {isa = PBXFileReference; lastKnownFileType = folder.assetcatalog; path = Assets.xcassets; sourceTree = "<group>"; };
		59040175257627A5002B062A /* Base */ = {isa = PBXFileReference; lastKnownFileType = file.storyboard; name = Base; path = Base.lproj/LaunchScreen.storyboard; sourceTree = "<group>"; };
		59040177257627A5002B062A /* Info.plist */ = {isa = PBXFileReference; lastKnownFileType = text.plist.xml; path = Info.plist; sourceTree = "<group>"; };
		5904018025762953002B062A /* RantInFeedCell.swift */ = {isa = PBXFileReference; lastKnownFileType = sourcecode.swift; path = RantInFeedCell.swift; sourceTree = "<group>"; };
		5904018125762953002B062A /* RantInFeedCell.xib */ = {isa = PBXFileReference; lastKnownFileType = file.xib; path = RantInFeedCell.xib; sourceTree = "<group>"; };
		59046D9E25A31F0D00C9B4D3 /* NotificationsTableViewController.swift */ = {isa = PBXFileReference; lastKnownFileType = sourcecode.swift; path = NotificationsTableViewController.swift; sourceTree = "<group>"; };
		59046DA125A3257400C9B4D3 /* ScrollUISegmentController.swift */ = {isa = PBXFileReference; lastKnownFileType = sourcecode.swift; path = ScrollUISegmentController.swift; sourceTree = "<group>"; };
		590788422795755A002151A1 /* LoadingCell.xib */ = {isa = PBXFileReference; lastKnownFileType = file.xib; path = LoadingCell.xib; sourceTree = "<group>"; };
		59078844279575F7002151A1 /* LoadingCell.swift */ = {isa = PBXFileReference; lastKnownFileType = sourcecode.swift; path = LoadingCell.swift; sourceTree = "<group>"; };
		59095F5D25961CB40074BABC /* ComposeViewController.storyboard */ = {isa = PBXFileReference; lastKnownFileType = file.storyboard; path = ComposeViewController.storyboard; sourceTree = "<group>"; };
		590A82852580B6600025F11A /* StretchyTableHeaderView.swift */ = {isa = PBXFileReference; lastKnownFileType = sourcecode.swift; path = StretchyTableHeaderView.swift; sourceTree = "<group>"; };
		590FBD2A2631BBAA001DDA9B /* Appfile */ = {isa = PBXFileReference; fileEncoding = 4; lastKnownFileType = text; path = Appfile; sourceTree = "<group>"; };
		590FBD2C2631BBAA001DDA9B /* Pluginfile */ = {isa = PBXFileReference; fileEncoding = 4; lastKnownFileType = text; path = Pluginfile; sourceTree = "<group>"; };
		590FBD2D2631BBAA001DDA9B /* README.md */ = {isa = PBXFileReference; fileEncoding = 4; lastKnownFileType = net.daringfireball.markdown; path = README.md; sourceTree = "<group>"; };
		590FBD362631BFF3001DDA9B /* .gitignore */ = {isa = PBXFileReference; fileEncoding = 4; lastKnownFileType = text; path = .gitignore; sourceTree = "<group>"; };
		591A752D257F518F001E1FC2 /* AltRant.entitlements */ = {isa = PBXFileReference; lastKnownFileType = text.plist.entitlements; path = AltRant.entitlements; sourceTree = "<group>"; };
		59200B6728CDC8490006C607 /* WeeklyRantHeaderMedium.xib */ = {isa = PBXFileReference; lastKnownFileType = file.xib; path = WeeklyRantHeaderMedium.xib; sourceTree = "<group>"; };
		5921F2C12598E53900540CF5 /* MoreTableViewController.swift */ = {isa = PBXFileReference; lastKnownFileType = sourcecode.swift; path = MoreTableViewController.swift; sourceTree = "<group>"; };
		5922A55425778C90009F3025 /* LoginViewController.storyboard */ = {isa = PBXFileReference; lastKnownFileType = file.storyboard; path = LoginViewController.storyboard; sourceTree = "<group>"; };
		592B1B2E2578F31300109377 /* RantViewController.swift */ = {isa = PBXFileReference; lastKnownFileType = sourcecode.swift; path = RantViewController.swift; sourceTree = "<group>"; };
		592F7D2625A4486C005813FA /* RantUpvoteCell.swift */ = {isa = PBXFileReference; lastKnownFileType = sourcecode.swift; path = RantUpvoteCell.swift; sourceTree = "<group>"; };
		59306E952578E68600F6AD08 /* RantViewController.storyboard */ = {isa = PBXFileReference; lastKnownFileType = file.storyboard; path = RantViewController.storyboard; sourceTree = "<group>"; };
		593B17AF25D14C41001FAF6F /* StoriesViewController.swift */ = {isa = PBXFileReference; lastKnownFileType = sourcecode.swift; path = StoriesViewController.swift; sourceTree = "<group>"; };
		594EDDD92709BC9A0087F50B /* Open with AltRant.appex */ = {isa = PBXFileReference; explicitFileType = "wrapper.app-extension"; includeInIndex = 0; path = "Open with AltRant.appex"; sourceTree = BUILT_PRODUCTS_DIR; };
		594EDDDB2709BC9B0087F50B /* SafariWebExtensionHandler.swift */ = {isa = PBXFileReference; lastKnownFileType = sourcecode.swift; path = SafariWebExtensionHandler.swift; sourceTree = "<group>"; };
		594EDDDE2709BC9B0087F50B /* _locales */ = {isa = PBXFileReference; lastKnownFileType = folder; path = _locales; sourceTree = "<group>"; };
		594EDDE02709BC9C0087F50B /* images */ = {isa = PBXFileReference; lastKnownFileType = folder; path = images; sourceTree = "<group>"; };
		594EDDE22709BC9C0087F50B /* manifest.json */ = {isa = PBXFileReference; lastKnownFileType = text.json; path = manifest.json; sourceTree = "<group>"; };
		594EDDE42709BC9C0087F50B /* background.js */ = {isa = PBXFileReference; lastKnownFileType = sourcecode.javascript; path = background.js; sourceTree = "<group>"; };
		594EDDE62709BC9C0087F50B /* content.js */ = {isa = PBXFileReference; lastKnownFileType = sourcecode.javascript; path = content.js; sourceTree = "<group>"; };
		594EDDE82709BC9C0087F50B /* popup.html */ = {isa = PBXFileReference; lastKnownFileType = text.html; path = popup.html; sourceTree = "<group>"; };
		594EDDEA2709BC9C0087F50B /* popup.css */ = {isa = PBXFileReference; lastKnownFileType = text.css; path = popup.css; sourceTree = "<group>"; };
		594EDDEC2709BC9C0087F50B /* popup.js */ = {isa = PBXFileReference; lastKnownFileType = sourcecode.javascript; path = popup.js; sourceTree = "<group>"; };
		594EDDEE2709BC9C0087F50B /* Info.plist */ = {isa = PBXFileReference; lastKnownFileType = text.plist.xml; path = Info.plist; sourceTree = "<group>"; };
		594EDDF22709BC9C0087F50B /* Open with AltRant.entitlements */ = {isa = PBXFileReference; lastKnownFileType = text.plist.entitlements; path = "Open with AltRant.entitlements"; sourceTree = "<group>"; };
		594F4AAC25A88A6100923B0E /* ADNavigationBarExtension.framework */ = {isa = PBXFileReference; explicitFileType = wrapper.framework; path = ADNavigationBarExtension.framework; sourceTree = BUILT_PRODUCTS_DIR; };
		5954C26425AD78D1008B70D2 /* ExpandingSegmentedView.swift */ = {isa = PBXFileReference; lastKnownFileType = sourcecode.swift; path = ExpandingSegmentedView.swift; sourceTree = "<group>"; };
		5954C26725AD8E9A008B70D2 /* RantCommentCell.swift */ = {isa = PBXFileReference; lastKnownFileType = sourcecode.swift; path = RantCommentCell.swift; sourceTree = "<group>"; };
		5958FC75257AD89A003D1EDD /* KeyboardAvoiding.swift */ = {isa = PBXFileReference; lastKnownFileType = sourcecode.swift; path = KeyboardAvoiding.swift; sourceTree = "<group>"; };
		5958FC78257AD8B8003D1EDD /* KeyboardAvoidingView.swift */ = {isa = PBXFileReference; lastKnownFileType = sourcecode.swift; path = KeyboardAvoidingView.swift; sourceTree = "<group>"; };
		5959E9F927FAC98600E9A10F /* FeedDelegate.swift */ = {isa = PBXFileReference; lastKnownFileType = sourcecode.swift; path = FeedDelegate.swift; sourceTree = "<group>"; };
		595B984727C60B5100C30068 /* SubscribedFeedViewController.swift */ = {isa = PBXFileReference; lastKnownFileType = sourcecode.swift; path = SubscribedFeedViewController.swift; sourceTree = "<group>"; };
		595B984927C60BB900C30068 /* RantInSubscribedFeedCell.swift */ = {isa = PBXFileReference; lastKnownFileType = sourcecode.swift; path = RantInSubscribedFeedCell.swift; sourceTree = "<group>"; };
		595B984B27C6235900C30068 /* RecommendedUserCell.swift */ = {isa = PBXFileReference; lastKnownFileType = sourcecode.swift; path = RecommendedUserCell.swift; sourceTree = "<group>"; };
		5964685128D6ECD800B85017 /* WeekCell.swift */ = {isa = PBXFileReference; lastKnownFileType = sourcecode.swift; path = WeekCell.swift; sourceTree = "<group>"; };
		596B819E25B06E56000D8922 /* UITapGestureRecognizer+didTapInsideWrappedText.swift */ = {isa = PBXFileReference; lastKnownFileType = sourcecode.swift; path = "UITapGestureRecognizer+didTapInsideWrappedText.swift"; sourceTree = "<group>"; };
		597D9A5D28CDF9AC0046AC3B /* WeeklyRantHeaderSmall.swift */ = {isa = PBXFileReference; lastKnownFileType = sourcecode.swift; path = WeeklyRantHeaderSmall.swift; sourceTree = "<group>"; };
		5980330927D499E700E59922 /* RecommendedUsersCell.xib */ = {isa = PBXFileReference; lastKnownFileType = file.xib; path = RecommendedUsersCell.xib; sourceTree = "<group>"; };
		5980330B27D49C2B00E59922 /* InternalRecommendedUserCell.xib */ = {isa = PBXFileReference; lastKnownFileType = file.xib; path = InternalRecommendedUserCell.xib; sourceTree = "<group>"; };
		59835E862737C0050022D272 /* SettingsViewControllerBackup.storyboard */ = {isa = PBXFileReference; lastKnownFileType = file.storyboard; path = SettingsViewControllerBackup.storyboard; sourceTree = "<group>"; };
		598FEE7428D2FB13003CF357 /* InAppSettings.bundle */ = {isa = PBXFileReference; lastKnownFileType = "wrapper.plug-in"; path = InAppSettings.bundle; sourceTree = "<group>"; };
		598FEE7628D2FC44003CF357 /* SettingsViewController.storyboard */ = {isa = PBXFileReference; lastKnownFileType = file.storyboard; path = SettingsViewController.storyboard; sourceTree = "<group>"; };
		598FEE7828D31ADC003CF357 /* WeeklyRantHeaderSmall.xib */ = {isa = PBXFileReference; lastKnownFileType = file.xib; path = WeeklyRantHeaderSmall.xib; sourceTree = "<group>"; };
		598FEE7A28D31DC8003CF357 /* WeeksTableViewController.swift */ = {isa = PBXFileReference; lastKnownFileType = sourcecode.swift; path = WeeksTableViewController.swift; sourceTree = "<group>"; };
		59906509257643B30058C1D7 /* CloseButton.swift */ = {isa = PBXFileReference; lastKnownFileType = sourcecode.swift; path = CloseButton.swift; sourceTree = "<group>"; };
		5990650D257643D60058C1D7 /* TagListView.swift */ = {isa = PBXFileReference; lastKnownFileType = sourcecode.swift; path = TagListView.swift; sourceTree = "<group>"; };
		59906510257644120058C1D7 /* TagView.swift */ = {isa = PBXFileReference; lastKnownFileType = sourcecode.swift; path = TagView.swift; sourceTree = "<group>"; };
		5990651A25765FE10058C1D7 /* File.swift */ = {isa = PBXFileReference; fileEncoding = 4; lastKnownFileType = sourcecode.swift; path = File.swift; sourceTree = "<group>"; };
		5990652C257668FD0058C1D7 /* User.swift */ = {isa = PBXFileReference; fileEncoding = 4; lastKnownFileType = sourcecode.swift; path = User.swift; sourceTree = "<group>"; };
		59A42E8428C722EC00344CF9 /* WeeklyRantHeaderLarge.xib */ = {isa = PBXFileReference; lastKnownFileType = file.xib; path = WeeklyRantHeaderLarge.xib; sourceTree = "<group>"; };
		59A42E8628C7271000344CF9 /* WeeklyRantHeaderLarge.swift */ = {isa = PBXFileReference; lastKnownFileType = sourcecode.swift; path = WeeklyRantHeaderLarge.swift; sourceTree = "<group>"; };
		59A7D9F92737E62D000576B7 /* SettingsViewController.swift */ = {isa = PBXFileReference; lastKnownFileType = sourcecode.swift; path = SettingsViewController.swift; sourceTree = "<group>"; };
		59A96EB2265AABBF0040B854 /* UIAlertController+CustomView.swift */ = {isa = PBXFileReference; lastKnownFileType = sourcecode.swift; path = "UIAlertController+CustomView.swift"; sourceTree = "<group>"; };
		59A9E69725CFCA3500DC6065 /* SecondaryRantInFeed.swift */ = {isa = PBXFileReference; lastKnownFileType = sourcecode.swift; path = SecondaryRantInFeed.swift; sourceTree = "<group>"; };
		59A9E69825CFCA3500DC6065 /* SecondaryRantInFeedCell.xib */ = {isa = PBXFileReference; lastKnownFileType = file.xib; path = SecondaryRantInFeedCell.xib; sourceTree = "<group>"; };
		59AD346025ADB1C6004D5DD6 /* Cache.swift */ = {isa = PBXFileReference; lastKnownFileType = sourcecode.swift; path = Cache.swift; sourceTree = "<group>"; };
		59B842EB25947876007F16FC /* UITableView+getAllCells.swift */ = {isa = PBXFileReference; lastKnownFileType = sourcecode.swift; path = "UITableView+getAllCells.swift"; sourceTree = "<group>"; };
		59B85CBD25988DA300E46948 /* UINavigationController+.swift */ = {isa = PBXFileReference; lastKnownFileType = sourcecode.swift; path = "UINavigationController+.swift"; sourceTree = "<group>"; };
		59B85CC02598DAD900E46948 /* MoreCell.swift */ = {isa = PBXFileReference; lastKnownFileType = sourcecode.swift; path = MoreCell.swift; sourceTree = "<group>"; };
		59C2EFE225E25C2D00BBCDAB /* AvatarEditorViewController.swift */ = {isa = PBXFileReference; lastKnownFileType = sourcecode.swift; path = AvatarEditorViewController.swift; sourceTree = "<group>"; wrapsLines = 0; };
		59C2EFEA25E25C7F00BBCDAB /* AvatarEditorViewController.storyboard */ = {isa = PBXFileReference; lastKnownFileType = file.storyboard; path = AvatarEditorViewController.storyboard; sourceTree = "<group>"; };
		59C2EFEE25E25E5E00BBCDAB /* AvatarEditorPickerViewController.swift */ = {isa = PBXFileReference; lastKnownFileType = sourcecode.swift; path = AvatarEditorPickerViewController.swift; sourceTree = "<group>"; };
		59C2EFF225E26D4700BBCDAB /* UIViewController+.swift */ = {isa = PBXFileReference; lastKnownFileType = sourcecode.swift; path = "UIViewController+.swift"; sourceTree = "<group>"; };
		59C3A1D8257E0FAB0082E76F /* UIImage+.swift */ = {isa = PBXFileReference; lastKnownFileType = sourcecode.swift; path = "UIImage+.swift"; sourceTree = "<group>"; };
		59C3A1E2257E972F0082E76F /* CommentCell.swift */ = {isa = PBXFileReference; lastKnownFileType = sourcecode.swift; path = CommentCell.swift; sourceTree = "<group>"; };
		59C3A1E3257E972F0082E76F /* CommentCell.xib */ = {isa = PBXFileReference; lastKnownFileType = file.xib; path = CommentCell.xib; sourceTree = "<group>"; };
		59D253552593334400BEA35A /* Double+truncate.swift */ = {isa = PBXFileReference; lastKnownFileType = sourcecode.swift; path = "Double+truncate.swift"; sourceTree = "<group>"; };
		59DA0F6F2580FB5E00AF49BB /* ProfileTableViewController.swift */ = {isa = PBXFileReference; lastKnownFileType = sourcecode.swift; path = ProfileTableViewController.swift; sourceTree = "<group>"; };
		59DA0F762580FC3400AF49BB /* ProfileTableViewController.storyboard */ = {isa = PBXFileReference; lastKnownFileType = file.storyboard; path = ProfileTableViewController.storyboard; sourceTree = "<group>"; };
		59E671612576AD12007EEB28 /* RantCell.swift */ = {isa = PBXFileReference; lastKnownFileType = sourcecode.swift; path = RantCell.swift; sourceTree = "<group>"; };
		59E671622576AD12007EEB28 /* RantCell.xib */ = {isa = PBXFileReference; lastKnownFileType = file.xib; path = RantCell.xib; sourceTree = "<group>"; };
		59E671662576BAF4007EEB28 /* PaddingLabel.swift */ = {isa = PBXFileReference; fileEncoding = 4; lastKnownFileType = sourcecode.swift; path = PaddingLabel.swift; sourceTree = "<group>"; };
		59E671692576BD74007EEB28 /* RoundedImageView.swift */ = {isa = PBXFileReference; lastKnownFileType = sourcecode.swift; path = RoundedImageView.swift; sourceTree = "<group>"; };
		59E671732576CE5B007EEB28 /* LoginViewController.swift */ = {isa = PBXFileReference; lastKnownFileType = sourcecode.swift; path = LoginViewController.swift; sourceTree = "<group>"; };
		59EF12D828C9DF23002D23CA /* WeeklyRantFeedViewController.swift */ = {isa = PBXFileReference; lastKnownFileType = sourcecode.swift; path = WeeklyRantFeedViewController.swift; sourceTree = "<group>"; };
		59FFE6E52594AD9800C3AB0B /* ComposeViewController.swift */ = {isa = PBXFileReference; lastKnownFileType = sourcecode.swift; path = ComposeViewController.swift; sourceTree = "<group>"; };
/* End PBXFileReference section */

/* Begin PBXFrameworksBuildPhase section */
		59040163257627A3002B062A /* Frameworks */ = {
			isa = PBXFrameworksBuildPhase;
			buildActionMask = 2147483647;
			files = (
				59D2B95427059AAB00C695E3 /* SPAlert in Frameworks */,
				5907884B2796B3A8002151A1 /* ADNavigationBarExtension in Frameworks */,
				594A21EA27B3B48D00AD6D75 /* OSPlaceholderTextView in Frameworks */,
				598FEE7128D2F1F3003CF357 /* InAppSettingsKit in Frameworks */,
				59CA4FB125CA8BB6005FB279 /* PullUpController in Frameworks */,
				59625C4727D48D63005D58E1 /* SwiftHEXColors in Frameworks */,
				590788482796ACB6002151A1 /* BadgeControl in Frameworks */,
				59DB9CC9262C76C4009A4704 /* Haptica in Frameworks */,
				593395A426E4B9A20022788C /* Sentry in Frameworks */,
				59007D8F25C1703D0088EC33 /* ActiveLabel in Frameworks */,
				594A21E727B3B03C00AD6D75 /* SwiftRant in Frameworks */,
			);
			runOnlyForDeploymentPostprocessing = 0;
		};
		594EDDD62709BC9A0087F50B /* Frameworks */ = {
			isa = PBXFrameworksBuildPhase;
			buildActionMask = 2147483647;
			files = (
			);
			runOnlyForDeploymentPostprocessing = 0;
		};
/* End PBXFrameworksBuildPhase section */

/* Begin PBXGroup section */
		5904015D257627A3002B062A = {
			isa = PBXGroup;
			children = (
				590FBD362631BFF3001DDA9B /* .gitignore */,
				590FBD292631BBA9001DDA9B /* fastlane */,
				59039EB425DE47D700584667 /* ios-76x76.png */,
				59040168257627A3002B062A /* AltRant */,
				594EDDDA2709BC9B0087F50B /* Open with AltRant */,
				59040167257627A3002B062A /* Products */,
				9BDBB6D9485395515B96ED21 /* Frameworks */,
			);
			sourceTree = "<group>";
		};
		59040167257627A3002B062A /* Products */ = {
			isa = PBXGroup;
			children = (
				59040166257627A3002B062A /* AltRant.app */,
				594EDDD92709BC9A0087F50B /* Open with AltRant.appex */,
			);
			name = Products;
			sourceTree = "<group>";
		};
		59040168257627A3002B062A /* AltRant */ = {
			isa = PBXGroup;
			children = (
				591A752D257F518F001E1FC2 /* AltRant.entitlements */,
				5922A55825779DD1009F3025 /* Extensions */,
				5990651625765FE10058C1D7 /* Data Structures */,
				59906508257643900058C1D7 /* TagListView */,
				5904017F2576292A002B062A /* Template Views */,
				59040169257627A3002B062A /* AppDelegate.swift */,
				5990652C257668FD0058C1D7 /* User.swift */,
				5904016B257627A3002B062A /* SceneDelegate.swift */,
				592B1B2E2578F31300109377 /* RantViewController.swift */,
				59306E952578E68600F6AD08 /* RantViewController.storyboard */,
				59E671732576CE5B007EEB28 /* LoginViewController.swift */,
				5922A55425778C90009F3025 /* LoginViewController.storyboard */,
				59FFE6E52594AD9800C3AB0B /* ComposeViewController.swift */,
				59095F5D25961CB40074BABC /* ComposeViewController.storyboard */,
				5904016D257627A3002B062A /* ViewController.swift */,
				5904016F257627A3002B062A /* Main.storyboard */,
				595B984727C60B5100C30068 /* SubscribedFeedViewController.swift */,
				59046D9E25A31F0D00C9B4D3 /* NotificationsTableViewController.swift */,
				593B17AF25D14C41001FAF6F /* StoriesViewController.swift */,
				5921F2C12598E53900540CF5 /* MoreTableViewController.swift */,
				59040172257627A5002B062A /* Assets.xcassets */,
				59040174257627A5002B062A /* LaunchScreen.storyboard */,
				59040177257627A5002B062A /* Info.plist */,
				59E671662576BAF4007EEB28 /* PaddingLabel.swift */,
				59E671692576BD74007EEB28 /* RoundedImageView.swift */,
				5954C26425AD78D1008B70D2 /* ExpandingSegmentedView.swift */,
				59AD346025ADB1C6004D5DD6 /* Cache.swift */,
				59C2EFE225E25C2D00BBCDAB /* AvatarEditorViewController.swift */,
				59C2EFEE25E25E5E00BBCDAB /* AvatarEditorPickerViewController.swift */,
				59C2EFEA25E25C7F00BBCDAB /* AvatarEditorViewController.storyboard */,
				59835E862737C0050022D272 /* SettingsViewControllerBackup.storyboard */,
				598FEE7628D2FC44003CF357 /* SettingsViewController.storyboard */,
				59A7D9F92737E62D000576B7 /* SettingsViewController.swift */,
				59EF12D828C9DF23002D23CA /* WeeklyRantFeedViewController.swift */,
				598FEE7A28D31DC8003CF357 /* WeeksTableViewController.swift */,
				598FEE7428D2FB13003CF357 /* InAppSettings.bundle */,
			);
			path = AltRant;
			sourceTree = "<group>";
		};
		5904017F2576292A002B062A /* Template Views */ = {
			isa = PBXGroup;
			children = (
				5980330627D498F300E59922 /* Subscribed Feed */,
				5904018025762953002B062A /* RantInFeedCell.swift */,
				5904018125762953002B062A /* RantInFeedCell.xib */,
				59A9E69725CFCA3500DC6065 /* SecondaryRantInFeed.swift */,
				59A9E69825CFCA3500DC6065 /* SecondaryRantInFeedCell.xib */,
				595B984927C60BB900C30068 /* RantInSubscribedFeedCell.swift */,
				595B984B27C6235900C30068 /* RecommendedUserCell.swift */,
				59E671612576AD12007EEB28 /* RantCell.swift */,
				59E671622576AD12007EEB28 /* RantCell.xib */,
				59C3A1E2257E972F0082E76F /* CommentCell.swift */,
				59C3A1E3257E972F0082E76F /* CommentCell.xib */,
				59B85CC02598DAD900E46948 /* MoreCell.swift */,
				59046DA125A3257400C9B4D3 /* ScrollUISegmentController.swift */,
				592F7D2625A4486C005813FA /* RantUpvoteCell.swift */,
				5954C26725AD8E9A008B70D2 /* RantCommentCell.swift */,
				590A82812580ACFF0025F11A /* Profile View */,
				590788422795755A002151A1 /* LoadingCell.xib */,
				59078844279575F7002151A1 /* LoadingCell.swift */,
				5959E9F927FAC98600E9A10F /* FeedDelegate.swift */,
				59A42E8428C722EC00344CF9 /* WeeklyRantHeaderLarge.xib */,
				59200B6728CDC8490006C607 /* WeeklyRantHeaderMedium.xib */,
				598FEE7828D31ADC003CF357 /* WeeklyRantHeaderSmall.xib */,
				597D9A5D28CDF9AC0046AC3B /* WeeklyRantHeaderSmall.swift */,
				59A42E8628C7271000344CF9 /* WeeklyRantHeaderLarge.swift */,
				5964685128D6ECD800B85017 /* WeekCell.swift */,
			);
			path = "Template Views";
			sourceTree = "<group>";
		};
		590A82812580ACFF0025F11A /* Profile View */ = {
			isa = PBXGroup;
			children = (
				590A82852580B6600025F11A /* StretchyTableHeaderView.swift */,
				59DA0F6F2580FB5E00AF49BB /* ProfileTableViewController.swift */,
				59DA0F762580FC3400AF49BB /* ProfileTableViewController.storyboard */,
			);
			path = "Profile View";
			sourceTree = "<group>";
		};
		590FBD292631BBA9001DDA9B /* fastlane */ = {
			isa = PBXGroup;
			children = (
				590FBD2A2631BBAA001DDA9B /* Appfile */,
				590FBD2C2631BBAA001DDA9B /* Pluginfile */,
				590FBD2D2631BBAA001DDA9B /* README.md */,
			);
			path = fastlane;
			sourceTree = "<group>";
		};
		5922A55825779DD1009F3025 /* Extensions */ = {
			isa = PBXGroup;
			children = (
				5958FC75257AD89A003D1EDD /* KeyboardAvoiding.swift */,
				5958FC78257AD8B8003D1EDD /* KeyboardAvoidingView.swift */,
				59C3A1D8257E0FAB0082E76F /* UIImage+.swift */,
				59D253552593334400BEA35A /* Double+truncate.swift */,
				59B842EB25947876007F16FC /* UITableView+getAllCells.swift */,
				59B85CBD25988DA300E46948 /* UINavigationController+.swift */,
				596B819E25B06E56000D8922 /* UITapGestureRecognizer+didTapInsideWrappedText.swift */,
				59039EB125DE3EC800584667 /* UserDefaults+group.swift */,
				59C2EFF225E26D4700BBCDAB /* UIViewController+.swift */,
				59A96EB2265AABBF0040B854 /* UIAlertController+CustomView.swift */,
			);
			path = Extensions;
			sourceTree = "<group>";
		};
		594EDDDA2709BC9B0087F50B /* Open with AltRant */ = {
			isa = PBXGroup;
			children = (
				594EDDF22709BC9C0087F50B /* Open with AltRant.entitlements */,
				594EDDDB2709BC9B0087F50B /* SafariWebExtensionHandler.swift */,
				594EDDEE2709BC9C0087F50B /* Info.plist */,
				594EDDDD2709BC9B0087F50B /* Resources */,
			);
			path = "Open with AltRant";
			sourceTree = SOURCE_ROOT;
		};
		594EDDDD2709BC9B0087F50B /* Resources */ = {
			isa = PBXGroup;
			children = (
				594EDDDE2709BC9B0087F50B /* _locales */,
				594EDDE02709BC9C0087F50B /* images */,
				594EDDE22709BC9C0087F50B /* manifest.json */,
				594EDDE42709BC9C0087F50B /* background.js */,
				594EDDE62709BC9C0087F50B /* content.js */,
				594EDDE82709BC9C0087F50B /* popup.html */,
				594EDDEA2709BC9C0087F50B /* popup.css */,
				594EDDEC2709BC9C0087F50B /* popup.js */,
			);
			path = Resources;
			sourceTree = "<group>";
		};
		5980330627D498F300E59922 /* Subscribed Feed */ = {
			isa = PBXGroup;
			children = (
				5980330927D499E700E59922 /* RecommendedUsersCell.xib */,
				5980330B27D49C2B00E59922 /* InternalRecommendedUserCell.xib */,
			);
			path = "Subscribed Feed";
			sourceTree = "<group>";
		};
		59906508257643900058C1D7 /* TagListView */ = {
			isa = PBXGroup;
			children = (
				59906509257643B30058C1D7 /* CloseButton.swift */,
				5990650D257643D60058C1D7 /* TagListView.swift */,
				59906510257644120058C1D7 /* TagView.swift */,
			);
			path = TagListView;
			sourceTree = "<group>";
		};
		5990651625765FE10058C1D7 /* Data Structures */ = {
			isa = PBXGroup;
			children = (
				5990651A25765FE10058C1D7 /* File.swift */,
			);
			path = "Data Structures";
			sourceTree = "<group>";
		};
		9BDBB6D9485395515B96ED21 /* Frameworks */ = {
			isa = PBXGroup;
			children = (
				594F4AAC25A88A6100923B0E /* ADNavigationBarExtension.framework */,
			);
			name = Frameworks;
			sourceTree = "<group>";
		};
/* End PBXGroup section */

/* Begin PBXNativeTarget section */
		59040165257627A3002B062A /* AltRant */ = {
			isa = PBXNativeTarget;
			buildConfigurationList = 5904017A257627A5002B062A /* Build configuration list for PBXNativeTarget "AltRant" */;
			buildPhases = (
				59040162257627A3002B062A /* Sources */,
				59040163257627A3002B062A /* Frameworks */,
				59040164257627A3002B062A /* Resources */,
				59039ECA25DE484800584667 /* Embed Foundation Extensions */,
			);
			buildRules = (
			);
			dependencies = (
				594EDDF02709BC9C0087F50B /* PBXTargetDependency */,
			);
			name = AltRant;
			packageProductDependencies = (
				59007D8E25C1703D0088EC33 /* ActiveLabel */,
				59CA4FB025CA8BB6005FB279 /* PullUpController */,
				59DB9CC8262C76C4009A4704 /* Haptica */,
				593395A326E4B9A20022788C /* Sentry */,
				59D2B95327059AAB00C695E3 /* SPAlert */,
				590788472796ACB6002151A1 /* BadgeControl */,
				5907884A2796B3A8002151A1 /* ADNavigationBarExtension */,
				594A21E627B3B03C00AD6D75 /* SwiftRant */,
				594A21E927B3B48D00AD6D75 /* OSPlaceholderTextView */,
				59625C4627D48D63005D58E1 /* SwiftHEXColors */,
				598FEE7028D2F1F3003CF357 /* InAppSettingsKit */,
			);
			productName = AltRant;
			productReference = 59040166257627A3002B062A /* AltRant.app */;
			productType = "com.apple.product-type.application";
		};
		594EDDD82709BC9A0087F50B /* Open with AltRant */ = {
			isa = PBXNativeTarget;
			buildConfigurationList = 594EDDF32709BC9C0087F50B /* Build configuration list for PBXNativeTarget "Open with AltRant" */;
			buildPhases = (
				594EDDD52709BC9A0087F50B /* Sources */,
				594EDDD62709BC9A0087F50B /* Frameworks */,
				594EDDD72709BC9A0087F50B /* Resources */,
			);
			buildRules = (
			);
			dependencies = (
			);
			name = "Open with AltRant";
			productName = "Open with AltRant";
			productReference = 594EDDD92709BC9A0087F50B /* Open with AltRant.appex */;
			productType = "com.apple.product-type.app-extension";
		};
/* End PBXNativeTarget section */

/* Begin PBXProject section */
		5904015E257627A3002B062A /* Project object */ = {
			isa = PBXProject;
			attributes = {
				LastSwiftUpdateCheck = 1300;
				LastUpgradeCheck = 1400;
				TargetAttributes = {
					59040165257627A3002B062A = {
						CreatedOnToolsVersion = 12.2;
						LastSwiftMigration = 1220;
					};
					594EDDD82709BC9A0087F50B = {
						CreatedOnToolsVersion = 13.0;
					};
				};
			};
			buildConfigurationList = 59040161257627A3002B062A /* Build configuration list for PBXProject "AltRant" */;
			compatibilityVersion = "Xcode 9.3";
			developmentRegion = en;
			hasScannedForEncodings = 0;
			knownRegions = (
				en,
				Base,
			);
			mainGroup = 5904015D257627A3002B062A;
			packageReferences = (
				59007D8D25C1703D0088EC33 /* XCRemoteSwiftPackageReference "ActiveLabel" */,
				59CA4FAF25CA8BB6005FB279 /* XCRemoteSwiftPackageReference "PullUpController" */,
				59DB9CC7262C76C4009A4704 /* XCRemoteSwiftPackageReference "Haptica" */,
				593395A226E4B9A20022788C /* XCRemoteSwiftPackageReference "sentry-cocoa" */,
				59D2B95227059AAB00C695E3 /* XCRemoteSwiftPackageReference "SPAlert" */,
				590788462796ACB6002151A1 /* XCRemoteSwiftPackageReference "BadgeControl" */,
				590788492796B3A8002151A1 /* XCRemoteSwiftPackageReference "ADNavigationBarExtension" */,
				594A21E527B3B03C00AD6D75 /* XCRemoteSwiftPackageReference "SwiftRant" */,
				594A21E827B3B48D00AD6D75 /* XCRemoteSwiftPackageReference "OSPlaceholderTextView" */,
				59625C4527D48D63005D58E1 /* XCRemoteSwiftPackageReference "SwiftHEXColors" */,
				598FEE6F28D2F1F3003CF357 /* XCRemoteSwiftPackageReference "InAppSettingsKit" */,
			);
			productRefGroup = 59040167257627A3002B062A /* Products */;
			projectDirPath = "";
			projectRoot = "";
			targets = (
				59040165257627A3002B062A /* AltRant */,
				594EDDD82709BC9A0087F50B /* Open with AltRant */,
			);
		};
/* End PBXProject section */

/* Begin PBXResourcesBuildPhase section */
		59040164257627A3002B062A /* Resources */ = {
			isa = PBXResourcesBuildPhase;
			buildActionMask = 2147483647;
			files = (
				598FEE7928D31ADC003CF357 /* WeeklyRantHeaderSmall.xib in Resources */,
				5980330C27D49C2B00E59922 /* InternalRecommendedUserCell.xib in Resources */,
				59C2EFEB25E25C7F00BBCDAB /* AvatarEditorViewController.storyboard in Resources */,
				59E671642576AD12007EEB28 /* RantCell.xib in Resources */,
				59040176257627A5002B062A /* LaunchScreen.storyboard in Resources */,
				59A42E8528C722EC00344CF9 /* WeeklyRantHeaderLarge.xib in Resources */,
				59039EB525DE47D700584667 /* ios-76x76.png in Resources */,
				59DA0F772580FC3400AF49BB /* ProfileTableViewController.storyboard in Resources */,
				59306E962578E68600F6AD08 /* RantViewController.storyboard in Resources */,
				590FBD2F2631BBAA001DDA9B /* Appfile in Resources */,
				59C3A1E5257E972F0082E76F /* CommentCell.xib in Resources */,
				590FBD312631BBAA001DDA9B /* Pluginfile in Resources */,
				590FBD372631BFF4001DDA9B /* .gitignore in Resources */,
				598FEE7728D2FC44003CF357 /* SettingsViewController.storyboard in Resources */,
				59A9E69A25CFCA3500DC6065 /* SecondaryRantInFeedCell.xib in Resources */,
				590FBD322631BBAA001DDA9B /* README.md in Resources */,
				59040173257627A5002B062A /* Assets.xcassets in Resources */,
				59095F5E25961CB40074BABC /* ComposeViewController.storyboard in Resources */,
				5980330A27D499E700E59922 /* RecommendedUsersCell.xib in Resources */,
				59040171257627A3002B062A /* Main.storyboard in Resources */,
				59200B6828CDC8490006C607 /* WeeklyRantHeaderMedium.xib in Resources */,
				5922A55525778C90009F3025 /* LoginViewController.storyboard in Resources */,
				59835E872737C0050022D272 /* SettingsViewControllerBackup.storyboard in Resources */,
				598FEE7528D2FB13003CF357 /* InAppSettings.bundle in Resources */,
				5904018325762953002B062A /* RantInFeedCell.xib in Resources */,
				590788432795755A002151A1 /* LoadingCell.xib in Resources */,
			);
			runOnlyForDeploymentPostprocessing = 0;
		};
		594EDDD72709BC9A0087F50B /* Resources */ = {
			isa = PBXResourcesBuildPhase;
			buildActionMask = 2147483647;
			files = (
				594EDDE52709BC9C0087F50B /* background.js in Resources */,
				594EDDEB2709BC9C0087F50B /* popup.css in Resources */,
				594EDDE92709BC9C0087F50B /* popup.html in Resources */,
				594EDDE12709BC9C0087F50B /* images in Resources */,
				594EDDE32709BC9C0087F50B /* manifest.json in Resources */,
				594EDDDF2709BC9B0087F50B /* _locales in Resources */,
				594EDDE72709BC9C0087F50B /* content.js in Resources */,
				594EDDED2709BC9C0087F50B /* popup.js in Resources */,
			);
			runOnlyForDeploymentPostprocessing = 0;
		};
/* End PBXResourcesBuildPhase section */

/* Begin PBXSourcesBuildPhase section */
		59040162257627A3002B062A /* Sources */ = {
			isa = PBXSourcesBuildPhase;
			buildActionMask = 2147483647;
			files = (
				59E671752576CE5B007EEB28 /* LoginViewController.swift in Sources */,
				59AD346125ADB1C6004D5DD6 /* Cache.swift in Sources */,
				59E671632576AD12007EEB28 /* RantCell.swift in Sources */,
				5990650A257643B30058C1D7 /* CloseButton.swift in Sources */,
				592F7D2725A4486C005813FA /* RantUpvoteCell.swift in Sources */,
				59C2EFE425E25C2D00BBCDAB /* AvatarEditorViewController.swift in Sources */,
				59FFE6E72594AD9800C3AB0B /* ComposeViewController.swift in Sources */,
				595B984A27C60BB900C30068 /* RantInSubscribedFeedCell.swift in Sources */,
				59A7D9FA2737E62D000576B7 /* SettingsViewController.swift in Sources */,
				59B85CC12598DAD900E46948 /* MoreCell.swift in Sources */,
				5954C26525AD78D1008B70D2 /* ExpandingSegmentedView.swift in Sources */,
				59DA0F712580FB5E00AF49BB /* ProfileTableViewController.swift in Sources */,
				5990650E257643D60058C1D7 /* TagListView.swift in Sources */,
				59078845279575F7002151A1 /* LoadingCell.swift in Sources */,
				5954C26825AD8E9B008B70D2 /* RantCommentCell.swift in Sources */,
				59E671672576BAF4007EEB28 /* PaddingLabel.swift in Sources */,
				59C3A1D9257E0FAB0082E76F /* UIImage+.swift in Sources */,
				595B984C27C6235900C30068 /* RecommendedUserCell.swift in Sources */,
				5921F2C22598E53900540CF5 /* MoreTableViewController.swift in Sources */,
				5904016E257627A3002B062A /* ViewController.swift in Sources */,
				593B17B025D14C41001FAF6F /* StoriesViewController.swift in Sources */,
				590A82862580B6600025F11A /* StretchyTableHeaderView.swift in Sources */,
				59C2EFEF25E25E5E00BBCDAB /* AvatarEditorPickerViewController.swift in Sources */,
				595B984827C60B5100C30068 /* SubscribedFeedViewController.swift in Sources */,
				5990652D257668FD0058C1D7 /* User.swift in Sources */,
				59B842EC25947876007F16FC /* UITableView+getAllCells.swift in Sources */,
				59A9E69925CFCA3500DC6065 /* SecondaryRantInFeed.swift in Sources */,
				5904016A257627A3002B062A /* AppDelegate.swift in Sources */,
				5959E9FA27FAC98600E9A10F /* FeedDelegate.swift in Sources */,
				59046D9F25A31F0D00C9B4D3 /* NotificationsTableViewController.swift in Sources */,
				59B85CBE25988DA300E46948 /* UINavigationController+.swift in Sources */,
				5964685228D6ECD800B85017 /* WeekCell.swift in Sources */,
				59046DA225A3257400C9B4D3 /* ScrollUISegmentController.swift in Sources */,
				592B1B2F2578F31300109377 /* RantViewController.swift in Sources */,
				59906511257644120058C1D7 /* TagView.swift in Sources */,
				59C2EFF325E26D4700BBCDAB /* UIViewController+.swift in Sources */,
				5904016C257627A3002B062A /* SceneDelegate.swift in Sources */,
				5990652125765FE10058C1D7 /* File.swift in Sources */,
				59D253562593334400BEA35A /* Double+truncate.swift in Sources */,
				59A96EB3265AABBF0040B854 /* UIAlertController+CustomView.swift in Sources */,
				5958FC76257AD89A003D1EDD /* KeyboardAvoiding.swift in Sources */,
				597D9A5E28CDF9AC0046AC3B /* WeeklyRantHeaderSmall.swift in Sources */,
				59E6716A2576BD74007EEB28 /* RoundedImageView.swift in Sources */,
				598FEE7B28D31DC8003CF357 /* WeeksTableViewController.swift in Sources */,
				59039EB225DE3EC800584667 /* UserDefaults+group.swift in Sources */,
				5904018225762953002B062A /* RantInFeedCell.swift in Sources */,
				5958FC79257AD8B8003D1EDD /* KeyboardAvoidingView.swift in Sources */,
				596B819F25B06E56000D8922 /* UITapGestureRecognizer+didTapInsideWrappedText.swift in Sources */,
				59C3A1E4257E972F0082E76F /* CommentCell.swift in Sources */,
				59EF12D928C9DF23002D23CA /* WeeklyRantFeedViewController.swift in Sources */,
				59A42E8728C7271000344CF9 /* WeeklyRantHeaderLarge.swift in Sources */,
			);
			runOnlyForDeploymentPostprocessing = 0;
		};
		594EDDD52709BC9A0087F50B /* Sources */ = {
			isa = PBXSourcesBuildPhase;
			buildActionMask = 2147483647;
			files = (
				594EDDDC2709BC9B0087F50B /* SafariWebExtensionHandler.swift in Sources */,
			);
			runOnlyForDeploymentPostprocessing = 0;
		};
/* End PBXSourcesBuildPhase section */

/* Begin PBXTargetDependency section */
		594EDDF02709BC9C0087F50B /* PBXTargetDependency */ = {
			isa = PBXTargetDependency;
			target = 594EDDD82709BC9A0087F50B /* Open with AltRant */;
			targetProxy = 594EDDEF2709BC9C0087F50B /* PBXContainerItemProxy */;
		};
/* End PBXTargetDependency section */

/* Begin PBXVariantGroup section */
		5904016F257627A3002B062A /* Main.storyboard */ = {
			isa = PBXVariantGroup;
			children = (
				59040170257627A3002B062A /* Base */,
			);
			name = Main.storyboard;
			sourceTree = "<group>";
		};
		59040174257627A5002B062A /* LaunchScreen.storyboard */ = {
			isa = PBXVariantGroup;
			children = (
				59040175257627A5002B062A /* Base */,
			);
			name = LaunchScreen.storyboard;
			sourceTree = "<group>";
		};
/* End PBXVariantGroup section */

/* Begin XCBuildConfiguration section */
		59040178257627A5002B062A /* Debug */ = {
			isa = XCBuildConfiguration;
			buildSettings = {
				ALWAYS_SEARCH_USER_PATHS = NO;
				ASSETCATALOG_COMPILER_APPICON_NAME = AppIcon;
				CLANG_ANALYZER_NONNULL = YES;
				CLANG_ANALYZER_NUMBER_OBJECT_CONVERSION = YES_AGGRESSIVE;
				CLANG_CXX_LANGUAGE_STANDARD = "gnu++14";
				CLANG_CXX_LIBRARY = "libc++";
				CLANG_ENABLE_MODULES = YES;
				CLANG_ENABLE_OBJC_ARC = YES;
				CLANG_ENABLE_OBJC_WEAK = YES;
				CLANG_WARN_BLOCK_CAPTURE_AUTORELEASING = YES;
				CLANG_WARN_BOOL_CONVERSION = YES;
				CLANG_WARN_COMMA = YES;
				CLANG_WARN_CONSTANT_CONVERSION = YES;
				CLANG_WARN_DEPRECATED_OBJC_IMPLEMENTATIONS = YES;
				CLANG_WARN_DIRECT_OBJC_ISA_USAGE = YES_ERROR;
				CLANG_WARN_DOCUMENTATION_COMMENTS = YES;
				CLANG_WARN_EMPTY_BODY = YES;
				CLANG_WARN_ENUM_CONVERSION = YES;
				CLANG_WARN_INFINITE_RECURSION = YES;
				CLANG_WARN_INT_CONVERSION = YES;
				CLANG_WARN_NON_LITERAL_NULL_CONVERSION = YES;
				CLANG_WARN_OBJC_IMPLICIT_RETAIN_SELF = YES;
				CLANG_WARN_OBJC_LITERAL_CONVERSION = YES;
				CLANG_WARN_OBJC_ROOT_CLASS = YES_ERROR;
				CLANG_WARN_QUOTED_INCLUDE_IN_FRAMEWORK_HEADER = YES;
				CLANG_WARN_RANGE_LOOP_ANALYSIS = YES;
				CLANG_WARN_STRICT_PROTOTYPES = YES;
				CLANG_WARN_SUSPICIOUS_MOVE = YES;
				CLANG_WARN_UNGUARDED_AVAILABILITY = YES_AGGRESSIVE;
				CLANG_WARN_UNREACHABLE_CODE = YES;
				CLANG_WARN__DUPLICATE_METHOD_MATCH = YES;
				COPY_PHASE_STRIP = NO;
				DEBUG_INFORMATION_FORMAT = "dwarf-with-dsym";
				DEVELOPMENT_TEAM = 666F768P5J;
				ENABLE_STRICT_OBJC_MSGSEND = YES;
				ENABLE_TESTABILITY = YES;
				GCC_C_LANGUAGE_STANDARD = gnu11;
				GCC_DYNAMIC_NO_PIC = NO;
				GCC_NO_COMMON_BLOCKS = YES;
				GCC_OPTIMIZATION_LEVEL = 0;
				GCC_PREPROCESSOR_DEFINITIONS = (
					"DEBUG=1",
					"$(inherited)",
				);
				GCC_WARN_64_TO_32_BIT_CONVERSION = YES;
				GCC_WARN_ABOUT_RETURN_TYPE = YES_ERROR;
				GCC_WARN_UNDECLARED_SELECTOR = YES;
				GCC_WARN_UNINITIALIZED_AUTOS = YES_AGGRESSIVE;
				GCC_WARN_UNUSED_FUNCTION = YES;
				GCC_WARN_UNUSED_VARIABLE = YES;
				IPHONEOS_DEPLOYMENT_TARGET = 14.2;
				MTL_ENABLE_DEBUG_INFO = INCLUDE_SOURCE;
				MTL_FAST_MATH = YES;
				ONLY_ACTIVE_ARCH = YES;
				SDKROOT = iphoneos;
				SWIFT_ACTIVE_COMPILATION_CONDITIONS = DEBUG;
				SWIFT_OPTIMIZATION_LEVEL = "-Onone";
			};
			name = Debug;
		};
		59040179257627A5002B062A /* Release */ = {
			isa = XCBuildConfiguration;
			buildSettings = {
				ALWAYS_SEARCH_USER_PATHS = NO;
				ASSETCATALOG_COMPILER_APPICON_NAME = AppIcon;
				CLANG_ANALYZER_NONNULL = YES;
				CLANG_ANALYZER_NUMBER_OBJECT_CONVERSION = YES_AGGRESSIVE;
				CLANG_CXX_LANGUAGE_STANDARD = "gnu++14";
				CLANG_CXX_LIBRARY = "libc++";
				CLANG_ENABLE_MODULES = YES;
				CLANG_ENABLE_OBJC_ARC = YES;
				CLANG_ENABLE_OBJC_WEAK = YES;
				CLANG_WARN_BLOCK_CAPTURE_AUTORELEASING = YES;
				CLANG_WARN_BOOL_CONVERSION = YES;
				CLANG_WARN_COMMA = YES;
				CLANG_WARN_CONSTANT_CONVERSION = YES;
				CLANG_WARN_DEPRECATED_OBJC_IMPLEMENTATIONS = YES;
				CLANG_WARN_DIRECT_OBJC_ISA_USAGE = YES_ERROR;
				CLANG_WARN_DOCUMENTATION_COMMENTS = YES;
				CLANG_WARN_EMPTY_BODY = YES;
				CLANG_WARN_ENUM_CONVERSION = YES;
				CLANG_WARN_INFINITE_RECURSION = YES;
				CLANG_WARN_INT_CONVERSION = YES;
				CLANG_WARN_NON_LITERAL_NULL_CONVERSION = YES;
				CLANG_WARN_OBJC_IMPLICIT_RETAIN_SELF = YES;
				CLANG_WARN_OBJC_LITERAL_CONVERSION = YES;
				CLANG_WARN_OBJC_ROOT_CLASS = YES_ERROR;
				CLANG_WARN_QUOTED_INCLUDE_IN_FRAMEWORK_HEADER = YES;
				CLANG_WARN_RANGE_LOOP_ANALYSIS = YES;
				CLANG_WARN_STRICT_PROTOTYPES = YES;
				CLANG_WARN_SUSPICIOUS_MOVE = YES;
				CLANG_WARN_UNGUARDED_AVAILABILITY = YES_AGGRESSIVE;
				CLANG_WARN_UNREACHABLE_CODE = YES;
				CLANG_WARN__DUPLICATE_METHOD_MATCH = YES;
				COPY_PHASE_STRIP = NO;
				DEBUG_INFORMATION_FORMAT = "dwarf-with-dsym";
				DEVELOPMENT_TEAM = 666F768P5J;
				ENABLE_NS_ASSERTIONS = NO;
				ENABLE_STRICT_OBJC_MSGSEND = YES;
				GCC_C_LANGUAGE_STANDARD = gnu11;
				GCC_NO_COMMON_BLOCKS = YES;
				GCC_WARN_64_TO_32_BIT_CONVERSION = YES;
				GCC_WARN_ABOUT_RETURN_TYPE = YES_ERROR;
				GCC_WARN_UNDECLARED_SELECTOR = YES;
				GCC_WARN_UNINITIALIZED_AUTOS = YES_AGGRESSIVE;
				GCC_WARN_UNUSED_FUNCTION = YES;
				GCC_WARN_UNUSED_VARIABLE = YES;
				IPHONEOS_DEPLOYMENT_TARGET = 14.2;
				MTL_ENABLE_DEBUG_INFO = NO;
				MTL_FAST_MATH = YES;
				SDKROOT = iphoneos;
				SWIFT_COMPILATION_MODE = wholemodule;
				SWIFT_OPTIMIZATION_LEVEL = "-O";
				VALIDATE_PRODUCT = YES;
			};
			name = Release;
		};
		5904017B257627A5002B062A /* Debug */ = {
			isa = XCBuildConfiguration;
			buildSettings = {
				ALWAYS_EMBED_SWIFT_STANDARD_LIBRARIES = YES;
				ASSETCATALOG_COMPILER_APPICON_NAME = AppIcon;
				ASSETCATALOG_COMPILER_GLOBAL_ACCENT_COLOR_NAME = AccentColor;
				CLANG_ENABLE_MODULES = YES;
				CODE_SIGN_ENTITLEMENTS = AltRant/AltRant.entitlements;
				CODE_SIGN_IDENTITY = "Apple Development";
				"CODE_SIGN_IDENTITY[sdk=macosx*]" = "Apple Development";
				CODE_SIGN_STYLE = Automatic;
				CURRENT_PROJECT_VERSION = 1796;
				DEBUG_INFORMATION_FORMAT = "dwarf-with-dsym";
				DEVELOPMENT_TEAM = 666F768P5J;
				INFOPLIST_FILE = AltRant/Info.plist;
				INFOPLIST_KEY_CFBundleDisplayName = AltRant;
				INFOPLIST_KEY_LSApplicationCategoryType = "public.app-category.social-networking";
				IPHONEOS_DEPLOYMENT_TARGET = 15.0;
				LD_RUNPATH_SEARCH_PATHS = (
					"$(inherited)",
					"@executable_path/Frameworks",
				);
				MARKETING_VERSION = 0.1;
				OTHER_SWIFT_FLAGS = "";
				PRODUCT_BUNDLE_IDENTIFIER = com.cracksoftware.AltRant;
				PRODUCT_NAME = "$(TARGET_NAME)";
				PROVISIONING_PROFILE_SPECIFIER = "";
				"PROVISIONING_PROFILE_SPECIFIER[sdk=macosx*]" = "";
				SUPPORTS_MACCATALYST = YES;
				SWIFT_OPTIMIZATION_LEVEL = "-Onone";
				SWIFT_VERSION = 5.0;
				TARGETED_DEVICE_FAMILY = "1,2";
				VERSIONING_SYSTEM = "apple-generic";
			};
			name = Debug;
		};
		5904017C257627A5002B062A /* Release */ = {
			isa = XCBuildConfiguration;
			buildSettings = {
				ALWAYS_EMBED_SWIFT_STANDARD_LIBRARIES = YES;
				ASSETCATALOG_COMPILER_APPICON_NAME = AppIcon;
				ASSETCATALOG_COMPILER_GLOBAL_ACCENT_COLOR_NAME = AccentColor;
				CLANG_ENABLE_MODULES = YES;
				CODE_SIGN_ENTITLEMENTS = AltRant/AltRant.entitlements;
				CODE_SIGN_IDENTITY = "Apple Development";
				"CODE_SIGN_IDENTITY[sdk=macosx*]" = "Apple Development";
				CODE_SIGN_STYLE = Automatic;
				CURRENT_PROJECT_VERSION = 1796;
				DEVELOPMENT_TEAM = 666F768P5J;
				ENABLE_TESTABILITY = YES;
				INFOPLIST_FILE = AltRant/Info.plist;
				INFOPLIST_KEY_CFBundleDisplayName = AltRant;
				INFOPLIST_KEY_LSApplicationCategoryType = "public.app-category.social-networking";
				IPHONEOS_DEPLOYMENT_TARGET = 15.0;
				LD_RUNPATH_SEARCH_PATHS = (
					"$(inherited)",
					"@executable_path/Frameworks",
				);
				MARKETING_VERSION = 0.1;
				OTHER_SWIFT_FLAGS = "";
				PRODUCT_BUNDLE_IDENTIFIER = com.cracksoftware.AltRant;
				PRODUCT_NAME = "$(TARGET_NAME)";
				PROVISIONING_PROFILE_SPECIFIER = "";
				"PROVISIONING_PROFILE_SPECIFIER[sdk=macosx*]" = "";
				SUPPORTS_MACCATALYST = YES;
				SWIFT_VERSION = 5.0;
				TARGETED_DEVICE_FAMILY = "1,2";
				VERSIONING_SYSTEM = "apple-generic";
			};
			name = Release;
		};
		594EDDF42709BC9C0087F50B /* Debug */ = {
			isa = XCBuildConfiguration;
			buildSettings = {
				CLANG_CXX_LANGUAGE_STANDARD = "gnu++17";
				CODE_SIGN_ENTITLEMENTS = "Open with AltRant/Open with AltRant.entitlements";
				CODE_SIGN_IDENTITY = "Apple Development";
				"CODE_SIGN_IDENTITY[sdk=macosx*]" = "Apple Development";
				CODE_SIGN_STYLE = Automatic;
				CURRENT_PROJECT_VERSION = 1796;
				DEBUG_INFORMATION_FORMAT = dwarf;
				DEVELOPMENT_TEAM = 666F768P5J;
				GENERATE_INFOPLIST_FILE = YES;
				INFOPLIST_FILE = "Open with AltRant/Info.plist";
				INFOPLIST_KEY_CFBundleDisplayName = "Open with AltRant";
				INFOPLIST_KEY_NSHumanReadableCopyright = "";
				IPHONEOS_DEPLOYMENT_TARGET = 15.0;
				LD_RUNPATH_SEARCH_PATHS = (
					"$(inherited)",
					"@executable_path/Frameworks",
					"@executable_path/../../Frameworks",
				);
				MARKETING_VERSION = 0.1;
				OTHER_LDFLAGS = (
					"-framework",
					SafariServices,
				);
				PRODUCT_BUNDLE_IDENTIFIER = "com.cracksoftware.AltRant.Open-with-AltRant";
				PRODUCT_NAME = "$(TARGET_NAME)";
				SKIP_INSTALL = YES;
				SUPPORTS_MACCATALYST = YES;
				SWIFT_EMIT_LOC_STRINGS = YES;
				SWIFT_VERSION = 5.0;
				TARGETED_DEVICE_FAMILY = "1,2";
				VERSIONING_SYSTEM = "apple-generic";
			};
			name = Debug;
		};
		594EDDF52709BC9C0087F50B /* Release */ = {
			isa = XCBuildConfiguration;
			buildSettings = {
				CLANG_CXX_LANGUAGE_STANDARD = "gnu++17";
				CODE_SIGN_ENTITLEMENTS = "Open with AltRant/Open with AltRant.entitlements";
				CODE_SIGN_IDENTITY = "Apple Development";
				"CODE_SIGN_IDENTITY[sdk=macosx*]" = "Apple Development";
				CODE_SIGN_STYLE = Automatic;
				CURRENT_PROJECT_VERSION = 1796;
				DEVELOPMENT_TEAM = 666F768P5J;
				GENERATE_INFOPLIST_FILE = YES;
				INFOPLIST_FILE = "Open with AltRant/Info.plist";
				INFOPLIST_KEY_CFBundleDisplayName = "Open with AltRant";
				INFOPLIST_KEY_NSHumanReadableCopyright = "";
				IPHONEOS_DEPLOYMENT_TARGET = 15.0;
				LD_RUNPATH_SEARCH_PATHS = (
					"$(inherited)",
					"@executable_path/Frameworks",
					"@executable_path/../../Frameworks",
				);
				MARKETING_VERSION = 0.1;
				OTHER_LDFLAGS = (
					"-framework",
					SafariServices,
				);
				PRODUCT_BUNDLE_IDENTIFIER = "com.cracksoftware.AltRant.Open-with-AltRant";
				PRODUCT_NAME = "$(TARGET_NAME)";
				SKIP_INSTALL = YES;
				SUPPORTS_MACCATALYST = YES;
				SWIFT_EMIT_LOC_STRINGS = YES;
				SWIFT_VERSION = 5.0;
				TARGETED_DEVICE_FAMILY = "1,2";
				VERSIONING_SYSTEM = "apple-generic";
			};
			name = Release;
		};
/* End XCBuildConfiguration section */

/* Begin XCConfigurationList section */
		59040161257627A3002B062A /* Build configuration list for PBXProject "AltRant" */ = {
			isa = XCConfigurationList;
			buildConfigurations = (
				59040178257627A5002B062A /* Debug */,
				59040179257627A5002B062A /* Release */,
			);
			defaultConfigurationIsVisible = 0;
			defaultConfigurationName = Release;
		};
		5904017A257627A5002B062A /* Build configuration list for PBXNativeTarget "AltRant" */ = {
			isa = XCConfigurationList;
			buildConfigurations = (
				5904017B257627A5002B062A /* Debug */,
				5904017C257627A5002B062A /* Release */,
			);
			defaultConfigurationIsVisible = 0;
			defaultConfigurationName = Release;
		};
		594EDDF32709BC9C0087F50B /* Build configuration list for PBXNativeTarget "Open with AltRant" */ = {
			isa = XCConfigurationList;
			buildConfigurations = (
				594EDDF42709BC9C0087F50B /* Debug */,
				594EDDF52709BC9C0087F50B /* Release */,
			);
			defaultConfigurationIsVisible = 0;
			defaultConfigurationName = Release;
		};
/* End XCConfigurationList section */

/* Begin XCRemoteSwiftPackageReference section */
		59007D8D25C1703D0088EC33 /* XCRemoteSwiftPackageReference "ActiveLabel" */ = {
			isa = XCRemoteSwiftPackageReference;
			repositoryURL = "https://github.com/optonaut/ActiveLabel.swift";
			requirement = {
				kind = upToNextMajorVersion;
				minimumVersion = 1.1.5;
			};
		};
		590788462796ACB6002151A1 /* XCRemoteSwiftPackageReference "BadgeControl" */ = {
			isa = XCRemoteSwiftPackageReference;
			repositoryURL = "https://github.com/OmerFlame/BadgeControl";
			requirement = {
				branch = master;
				kind = branch;
			};
		};
		590788492796B3A8002151A1 /* XCRemoteSwiftPackageReference "ADNavigationBarExtension" */ = {
			isa = XCRemoteSwiftPackageReference;
			repositoryURL = "https://github.com/OmerFlame/ADNavigationBarExtension";
			requirement = {
				branch = master;
				kind = branch;
			};
		};
		593395A226E4B9A20022788C /* XCRemoteSwiftPackageReference "sentry-cocoa" */ = {
			isa = XCRemoteSwiftPackageReference;
			repositoryURL = "https://github.com/getsentry/sentry-cocoa";
			requirement = {
				kind = upToNextMajorVersion;
				minimumVersion = 7.0.0;
			};
		};
		594A21E527B3B03C00AD6D75 /* XCRemoteSwiftPackageReference "SwiftRant" */ = {
			isa = XCRemoteSwiftPackageReference;
			repositoryURL = "https://github.com/OmerFlame/SwiftRant.git";
			requirement = {
				branch = "add-edited-property-comment";
				kind = branch;
			};
		};
		594A21E827B3B48D00AD6D75 /* XCRemoteSwiftPackageReference "OSPlaceholderTextView" */ = {
			isa = XCRemoteSwiftPackageReference;
			repositoryURL = "https://github.com/OmerFlame/OSPlaceholderTextView";
			requirement = {
				kind = upToNextMinorVersion;
				minimumVersion = 1.0.1;
			};
		};
		59625C4527D48D63005D58E1 /* XCRemoteSwiftPackageReference "SwiftHEXColors" */ = {
			isa = XCRemoteSwiftPackageReference;
			repositoryURL = "https://github.com/thii/SwiftHEXColors.git";
			requirement = {
				kind = upToNextMajorVersion;
				minimumVersion = 1.0.0;
			};
		};
		598FEE6F28D2F1F3003CF357 /* XCRemoteSwiftPackageReference "InAppSettingsKit" */ = {
			isa = XCRemoteSwiftPackageReference;
			repositoryURL = "https://github.com/futuretap/InAppSettingsKit";
			requirement = {
				kind = upToNextMajorVersion;
				minimumVersion = 3.0.0;
			};
		};
		59CA4FAF25CA8BB6005FB279 /* XCRemoteSwiftPackageReference "PullUpController" */ = {
			isa = XCRemoteSwiftPackageReference;
			repositoryURL = "https://github.com/MarioIannotta/PullUpController";
			requirement = {
				kind = upToNextMajorVersion;
				minimumVersion = 0.8.0;
			};
		};
		59D2B95227059AAB00C695E3 /* XCRemoteSwiftPackageReference "SPAlert" */ = {
			isa = XCRemoteSwiftPackageReference;
			repositoryURL = "https://github.com/ivanvorobei/SPAlert";
			requirement = {
				kind = upToNextMajorVersion;
				minimumVersion = 3.0.0;
			};
		};
		59DB9CC7262C76C4009A4704 /* XCRemoteSwiftPackageReference "Haptica" */ = {
			isa = XCRemoteSwiftPackageReference;
			repositoryURL = "https://github.com/efremidze/Haptica";
			requirement = {
				kind = upToNextMajorVersion;
				minimumVersion = 3.0.2;
			};
		};
/* End XCRemoteSwiftPackageReference section */

/* Begin XCSwiftPackageProductDependency section */
		59007D8E25C1703D0088EC33 /* ActiveLabel */ = {
			isa = XCSwiftPackageProductDependency;
			package = 59007D8D25C1703D0088EC33 /* XCRemoteSwiftPackageReference "ActiveLabel" */;
			productName = ActiveLabel;
		};
		590788472796ACB6002151A1 /* BadgeControl */ = {
			isa = XCSwiftPackageProductDependency;
			package = 590788462796ACB6002151A1 /* XCRemoteSwiftPackageReference "BadgeControl" */;
			productName = BadgeControl;
		};
		5907884A2796B3A8002151A1 /* ADNavigationBarExtension */ = {
			isa = XCSwiftPackageProductDependency;
			package = 590788492796B3A8002151A1 /* XCRemoteSwiftPackageReference "ADNavigationBarExtension" */;
			productName = ADNavigationBarExtension;
		};
		593395A326E4B9A20022788C /* Sentry */ = {
			isa = XCSwiftPackageProductDependency;
			package = 593395A226E4B9A20022788C /* XCRemoteSwiftPackageReference "sentry-cocoa" */;
			productName = Sentry;
		};
		594A21E627B3B03C00AD6D75 /* SwiftRant */ = {
			isa = XCSwiftPackageProductDependency;
			package = 594A21E527B3B03C00AD6D75 /* XCRemoteSwiftPackageReference "SwiftRant" */;
			productName = SwiftRant;
		};
		594A21E927B3B48D00AD6D75 /* OSPlaceholderTextView */ = {
			isa = XCSwiftPackageProductDependency;
			package = 594A21E827B3B48D00AD6D75 /* XCRemoteSwiftPackageReference "OSPlaceholderTextView" */;
			productName = OSPlaceholderTextView;
		};
		59625C4627D48D63005D58E1 /* SwiftHEXColors */ = {
			isa = XCSwiftPackageProductDependency;
			package = 59625C4527D48D63005D58E1 /* XCRemoteSwiftPackageReference "SwiftHEXColors" */;
			productName = SwiftHEXColors;
		};
		598FEE7028D2F1F3003CF357 /* InAppSettingsKit */ = {
			isa = XCSwiftPackageProductDependency;
			package = 598FEE6F28D2F1F3003CF357 /* XCRemoteSwiftPackageReference "InAppSettingsKit" */;
			productName = InAppSettingsKit;
		};
		59CA4FB025CA8BB6005FB279 /* PullUpController */ = {
			isa = XCSwiftPackageProductDependency;
			package = 59CA4FAF25CA8BB6005FB279 /* XCRemoteSwiftPackageReference "PullUpController" */;
			productName = PullUpController;
		};
		59D2B95327059AAB00C695E3 /* SPAlert */ = {
			isa = XCSwiftPackageProductDependency;
			package = 59D2B95227059AAB00C695E3 /* XCRemoteSwiftPackageReference "SPAlert" */;
			productName = SPAlert;
		};
		59DB9CC8262C76C4009A4704 /* Haptica */ = {
			isa = XCSwiftPackageProductDependency;
			package = 59DB9CC7262C76C4009A4704 /* XCRemoteSwiftPackageReference "Haptica" */;
			productName = Haptica;
		};
/* End XCSwiftPackageProductDependency section */
	};
	rootObject = 5904015E257627A3002B062A /* Project object */;
}
