// !$*UTF8*$!
{
	archiveVersion = 1;
	classes = {
	};
	objectVersion = 50;
	objects = {

/* Begin PBXBuildFile section */
		5904016A257627A3002B062A /* AppDelegate.swift in Sources */ = {isa = PBXBuildFile; fileRef = 59040169257627A3002B062A /* AppDelegate.swift */; };
		5904016C257627A3002B062A /* SceneDelegate.swift in Sources */ = {isa = PBXBuildFile; fileRef = 5904016B257627A3002B062A /* SceneDelegate.swift */; };
		5904016E257627A3002B062A /* ViewController.swift in Sources */ = {isa = PBXBuildFile; fileRef = 5904016D257627A3002B062A /* ViewController.swift */; };
		59040171257627A3002B062A /* Main.storyboard in Resources */ = {isa = PBXBuildFile; fileRef = 5904016F257627A3002B062A /* Main.storyboard */; };
		59040173257627A5002B062A /* Assets.xcassets in Resources */ = {isa = PBXBuildFile; fileRef = 59040172257627A5002B062A /* Assets.xcassets */; };
		59040176257627A5002B062A /* LaunchScreen.storyboard in Resources */ = {isa = PBXBuildFile; fileRef = 59040174257627A5002B062A /* LaunchScreen.storyboard */; };
		5904018225762953002B062A /* RantInFeedCell.swift in Sources */ = {isa = PBXBuildFile; fileRef = 5904018025762953002B062A /* RantInFeedCell.swift */; };
		5904018325762953002B062A /* RantInFeedCell.xib in Resources */ = {isa = PBXBuildFile; fileRef = 5904018125762953002B062A /* RantInFeedCell.xib */; };
		590A82862580B6600025F11A /* StretchyTableHeaderView.swift in Sources */ = {isa = PBXBuildFile; fileRef = 590A82852580B6600025F11A /* StretchyTableHeaderView.swift */; };
		5922A55525778C90009F3025 /* LoginViewController.storyboard in Resources */ = {isa = PBXBuildFile; fileRef = 5922A55425778C90009F3025 /* LoginViewController.storyboard */; };
		5922A55C25779E1E009F3025 /* UIScrollView+InfiniteScroll.m in Sources */ = {isa = PBXBuildFile; fileRef = 5922A55B25779E1E009F3025 /* UIScrollView+InfiniteScroll.m */; };
		592B1B2F2578F31300109377 /* RantViewController.swift in Sources */ = {isa = PBXBuildFile; fileRef = 592B1B2E2578F31300109377 /* RantViewController.swift */; };
		59306E962578E68600F6AD08 /* RantViewController.storyboard in Resources */ = {isa = PBXBuildFile; fileRef = 59306E952578E68600F6AD08 /* RantViewController.storyboard */; };
		5958FC76257AD89A003D1EDD /* KeyboardAvoiding.swift in Sources */ = {isa = PBXBuildFile; fileRef = 5958FC75257AD89A003D1EDD /* KeyboardAvoiding.swift */; };
		5958FC79257AD8B8003D1EDD /* KeyboardAvoidingView.swift in Sources */ = {isa = PBXBuildFile; fileRef = 5958FC78257AD8B8003D1EDD /* KeyboardAvoidingView.swift */; };
		5990650A257643B30058C1D7 /* CloseButton.swift in Sources */ = {isa = PBXBuildFile; fileRef = 59906509257643B30058C1D7 /* CloseButton.swift */; };
		5990650E257643D60058C1D7 /* TagListView.swift in Sources */ = {isa = PBXBuildFile; fileRef = 5990650D257643D60058C1D7 /* TagListView.swift */; };
		59906511257644120058C1D7 /* TagView.swift in Sources */ = {isa = PBXBuildFile; fileRef = 59906510257644120058C1D7 /* TagView.swift */; };
		5990651E25765FE10058C1D7 /* CommentModel.swift in Sources */ = {isa = PBXBuildFile; fileRef = 5990651725765FE10058C1D7 /* CommentModel.swift */; };
		5990651F25765FE10058C1D7 /* RantInFeed.swift in Sources */ = {isa = PBXBuildFile; fileRef = 5990651825765FE10058C1D7 /* RantInFeed.swift */; };
		5990652025765FE10058C1D7 /* Profile.swift in Sources */ = {isa = PBXBuildFile; fileRef = 5990651925765FE10058C1D7 /* Profile.swift */; };
		5990652125765FE10058C1D7 /* File.swift in Sources */ = {isa = PBXBuildFile; fileRef = 5990651A25765FE10058C1D7 /* File.swift */; };
		5990652225765FE10058C1D7 /* RantModel.swift in Sources */ = {isa = PBXBuildFile; fileRef = 5990651B25765FE10058C1D7 /* RantModel.swift */; };
		5990652325765FE10058C1D7 /* RantResponse.swift in Sources */ = {isa = PBXBuildFile; fileRef = 5990651C25765FE10058C1D7 /* RantResponse.swift */; };
		5990652425765FE10058C1D7 /* RantFeed.swift in Sources */ = {isa = PBXBuildFile; fileRef = 5990651D25765FE10058C1D7 /* RantFeed.swift */; };
		59906527257660AF0058C1D7 /* ColorFromHexString.swift in Sources */ = {isa = PBXBuildFile; fileRef = 59906526257660AF0058C1D7 /* ColorFromHexString.swift */; };
		5990652A257668E90058C1D7 /* APIRequest.swift in Sources */ = {isa = PBXBuildFile; fileRef = 59906529257668E90058C1D7 /* APIRequest.swift */; };
		5990652D257668FD0058C1D7 /* User.swift in Sources */ = {isa = PBXBuildFile; fileRef = 5990652C257668FD0058C1D7 /* User.swift */; };
		59B842EC25947876007F16FC /* UITableView+getAllCells.swift in Sources */ = {isa = PBXBuildFile; fileRef = 59B842EB25947876007F16FC /* UITableView+getAllCells.swift */; };
		59C3A1D9257E0FAB0082E76F /* UIImage+.swift in Sources */ = {isa = PBXBuildFile; fileRef = 59C3A1D8257E0FAB0082E76F /* UIImage+.swift */; };
		59C3A1E0257E8E990082E76F /* VoteResponse.swift in Sources */ = {isa = PBXBuildFile; fileRef = 59C3A1DF257E8E990082E76F /* VoteResponse.swift */; };
		59C3A1E4257E972F0082E76F /* CommentCell.swift in Sources */ = {isa = PBXBuildFile; fileRef = 59C3A1E2257E972F0082E76F /* CommentCell.swift */; };
		59C3A1E5257E972F0082E76F /* CommentCell.xib in Resources */ = {isa = PBXBuildFile; fileRef = 59C3A1E3257E972F0082E76F /* CommentCell.xib */; };
		59D253562593334400BEA35A /* Double+truncate.swift in Sources */ = {isa = PBXBuildFile; fileRef = 59D253552593334400BEA35A /* Double+truncate.swift */; };
		59DA0F712580FB5E00AF49BB /* ProfileTableViewController.swift in Sources */ = {isa = PBXBuildFile; fileRef = 59DA0F6F2580FB5E00AF49BB /* ProfileTableViewController.swift */; };
		59DA0F772580FC3400AF49BB /* ProfileTableViewController.storyboard in Resources */ = {isa = PBXBuildFile; fileRef = 59DA0F762580FC3400AF49BB /* ProfileTableViewController.storyboard */; };
		59E671632576AD12007EEB28 /* RantCell.swift in Sources */ = {isa = PBXBuildFile; fileRef = 59E671612576AD12007EEB28 /* RantCell.swift */; };
		59E671642576AD12007EEB28 /* RantCell.xib in Resources */ = {isa = PBXBuildFile; fileRef = 59E671622576AD12007EEB28 /* RantCell.xib */; };
		59E671672576BAF4007EEB28 /* PaddingLabel.swift in Sources */ = {isa = PBXBuildFile; fileRef = 59E671662576BAF4007EEB28 /* PaddingLabel.swift */; };
		59E6716A2576BD74007EEB28 /* RoundedImageView.swift in Sources */ = {isa = PBXBuildFile; fileRef = 59E671692576BD74007EEB28 /* RoundedImageView.swift */; };
		59E671752576CE5B007EEB28 /* LoginViewController.swift in Sources */ = {isa = PBXBuildFile; fileRef = 59E671732576CE5B007EEB28 /* LoginViewController.swift */; };
/* End PBXBuildFile section */

/* Begin PBXFileReference section */
		59040166257627A3002B062A /* AltRant.app */ = {isa = PBXFileReference; explicitFileType = wrapper.application; includeInIndex = 0; path = AltRant.app; sourceTree = BUILT_PRODUCTS_DIR; };
		59040169257627A3002B062A /* AppDelegate.swift */ = {isa = PBXFileReference; lastKnownFileType = sourcecode.swift; path = AppDelegate.swift; sourceTree = "<group>"; };
		5904016B257627A3002B062A /* SceneDelegate.swift */ = {isa = PBXFileReference; lastKnownFileType = sourcecode.swift; path = SceneDelegate.swift; sourceTree = "<group>"; };
		5904016D257627A3002B062A /* ViewController.swift */ = {isa = PBXFileReference; lastKnownFileType = sourcecode.swift; path = ViewController.swift; sourceTree = "<group>"; };
		59040170257627A3002B062A /* Base */ = {isa = PBXFileReference; lastKnownFileType = file.storyboard; name = Base; path = Base.lproj/Main.storyboard; sourceTree = "<group>"; };
		59040172257627A5002B062A /* Assets.xcassets */ = {isa = PBXFileReference; lastKnownFileType = folder.assetcatalog; path = Assets.xcassets; sourceTree = "<group>"; };
		59040175257627A5002B062A /* Base */ = {isa = PBXFileReference; lastKnownFileType = file.storyboard; name = Base; path = Base.lproj/LaunchScreen.storyboard; sourceTree = "<group>"; };
		59040177257627A5002B062A /* Info.plist */ = {isa = PBXFileReference; lastKnownFileType = text.plist.xml; path = Info.plist; sourceTree = "<group>"; };
		5904018025762953002B062A /* RantInFeedCell.swift */ = {isa = PBXFileReference; lastKnownFileType = sourcecode.swift; path = RantInFeedCell.swift; sourceTree = "<group>"; };
		5904018125762953002B062A /* RantInFeedCell.xib */ = {isa = PBXFileReference; lastKnownFileType = file.xib; path = RantInFeedCell.xib; sourceTree = "<group>"; };
		590A82852580B6600025F11A /* StretchyTableHeaderView.swift */ = {isa = PBXFileReference; lastKnownFileType = sourcecode.swift; path = StretchyTableHeaderView.swift; sourceTree = "<group>"; };
		591A752D257F518F001E1FC2 /* AltRant.entitlements */ = {isa = PBXFileReference; lastKnownFileType = text.plist.entitlements; path = AltRant.entitlements; sourceTree = "<group>"; };
		5922A55425778C90009F3025 /* LoginViewController.storyboard */ = {isa = PBXFileReference; lastKnownFileType = file.storyboard; path = LoginViewController.storyboard; sourceTree = "<group>"; };
		5922A55925779E0B009F3025 /* UIScrollView+InfiniteScroll.h */ = {isa = PBXFileReference; lastKnownFileType = sourcecode.c.h; path = "UIScrollView+InfiniteScroll.h"; sourceTree = "<group>"; };
		5922A55A25779E1E009F3025 /* AltRant-Bridging-Header.h */ = {isa = PBXFileReference; lastKnownFileType = sourcecode.c.h; path = "AltRant-Bridging-Header.h"; sourceTree = "<group>"; };
		5922A55B25779E1E009F3025 /* UIScrollView+InfiniteScroll.m */ = {isa = PBXFileReference; lastKnownFileType = sourcecode.c.objc; path = "UIScrollView+InfiniteScroll.m"; sourceTree = "<group>"; };
		592B1B2E2578F31300109377 /* RantViewController.swift */ = {isa = PBXFileReference; lastKnownFileType = sourcecode.swift; path = RantViewController.swift; sourceTree = "<group>"; };
		59306E952578E68600F6AD08 /* RantViewController.storyboard */ = {isa = PBXFileReference; lastKnownFileType = file.storyboard; path = RantViewController.storyboard; sourceTree = "<group>"; };
		5958FC75257AD89A003D1EDD /* KeyboardAvoiding.swift */ = {isa = PBXFileReference; lastKnownFileType = sourcecode.swift; path = KeyboardAvoiding.swift; sourceTree = "<group>"; };
		5958FC78257AD8B8003D1EDD /* KeyboardAvoidingView.swift */ = {isa = PBXFileReference; lastKnownFileType = sourcecode.swift; path = KeyboardAvoidingView.swift; sourceTree = "<group>"; };
		59906509257643B30058C1D7 /* CloseButton.swift */ = {isa = PBXFileReference; lastKnownFileType = sourcecode.swift; path = CloseButton.swift; sourceTree = "<group>"; };
		5990650D257643D60058C1D7 /* TagListView.swift */ = {isa = PBXFileReference; lastKnownFileType = sourcecode.swift; path = TagListView.swift; sourceTree = "<group>"; };
		59906510257644120058C1D7 /* TagView.swift */ = {isa = PBXFileReference; lastKnownFileType = sourcecode.swift; path = TagView.swift; sourceTree = "<group>"; };
		5990651725765FE10058C1D7 /* CommentModel.swift */ = {isa = PBXFileReference; fileEncoding = 4; lastKnownFileType = sourcecode.swift; path = CommentModel.swift; sourceTree = "<group>"; };
		5990651825765FE10058C1D7 /* RantInFeed.swift */ = {isa = PBXFileReference; fileEncoding = 4; lastKnownFileType = sourcecode.swift; path = RantInFeed.swift; sourceTree = "<group>"; };
		5990651925765FE10058C1D7 /* Profile.swift */ = {isa = PBXFileReference; fileEncoding = 4; lastKnownFileType = sourcecode.swift; path = Profile.swift; sourceTree = "<group>"; };
		5990651A25765FE10058C1D7 /* File.swift */ = {isa = PBXFileReference; fileEncoding = 4; lastKnownFileType = sourcecode.swift; path = File.swift; sourceTree = "<group>"; };
		5990651B25765FE10058C1D7 /* RantModel.swift */ = {isa = PBXFileReference; fileEncoding = 4; lastKnownFileType = sourcecode.swift; path = RantModel.swift; sourceTree = "<group>"; };
		5990651C25765FE10058C1D7 /* RantResponse.swift */ = {isa = PBXFileReference; fileEncoding = 4; lastKnownFileType = sourcecode.swift; path = RantResponse.swift; sourceTree = "<group>"; };
		5990651D25765FE10058C1D7 /* RantFeed.swift */ = {isa = PBXFileReference; fileEncoding = 4; lastKnownFileType = sourcecode.swift; path = RantFeed.swift; sourceTree = "<group>"; };
		59906526257660AF0058C1D7 /* ColorFromHexString.swift */ = {isa = PBXFileReference; fileEncoding = 4; lastKnownFileType = sourcecode.swift; path = ColorFromHexString.swift; sourceTree = "<group>"; };
		59906529257668E90058C1D7 /* APIRequest.swift */ = {isa = PBXFileReference; fileEncoding = 4; lastKnownFileType = sourcecode.swift; path = APIRequest.swift; sourceTree = "<group>"; };
		5990652C257668FD0058C1D7 /* User.swift */ = {isa = PBXFileReference; fileEncoding = 4; lastKnownFileType = sourcecode.swift; path = User.swift; sourceTree = "<group>"; };
		59B842EB25947876007F16FC /* UITableView+getAllCells.swift */ = {isa = PBXFileReference; lastKnownFileType = sourcecode.swift; path = "UITableView+getAllCells.swift"; sourceTree = "<group>"; };
		59C3A1D8257E0FAB0082E76F /* UIImage+.swift */ = {isa = PBXFileReference; lastKnownFileType = sourcecode.swift; path = "UIImage+.swift"; sourceTree = "<group>"; };
		59C3A1DF257E8E990082E76F /* VoteResponse.swift */ = {isa = PBXFileReference; lastKnownFileType = sourcecode.swift; path = VoteResponse.swift; sourceTree = "<group>"; };
		59C3A1E2257E972F0082E76F /* CommentCell.swift */ = {isa = PBXFileReference; lastKnownFileType = sourcecode.swift; path = CommentCell.swift; sourceTree = "<group>"; };
		59C3A1E3257E972F0082E76F /* CommentCell.xib */ = {isa = PBXFileReference; lastKnownFileType = file.xib; path = CommentCell.xib; sourceTree = "<group>"; };
		59D253552593334400BEA35A /* Double+truncate.swift */ = {isa = PBXFileReference; lastKnownFileType = sourcecode.swift; path = "Double+truncate.swift"; sourceTree = "<group>"; };
		59DA0F6F2580FB5E00AF49BB /* ProfileTableViewController.swift */ = {isa = PBXFileReference; lastKnownFileType = sourcecode.swift; path = ProfileTableViewController.swift; sourceTree = "<group>"; };
		59DA0F762580FC3400AF49BB /* ProfileTableViewController.storyboard */ = {isa = PBXFileReference; lastKnownFileType = file.storyboard; path = ProfileTableViewController.storyboard; sourceTree = "<group>"; };
		59E671612576AD12007EEB28 /* RantCell.swift */ = {isa = PBXFileReference; lastKnownFileType = sourcecode.swift; path = RantCell.swift; sourceTree = "<group>"; };
		59E671622576AD12007EEB28 /* RantCell.xib */ = {isa = PBXFileReference; lastKnownFileType = file.xib; path = RantCell.xib; sourceTree = "<group>"; };
		59E671662576BAF4007EEB28 /* PaddingLabel.swift */ = {isa = PBXFileReference; fileEncoding = 4; lastKnownFileType = sourcecode.swift; path = PaddingLabel.swift; sourceTree = "<group>"; };
		59E671692576BD74007EEB28 /* RoundedImageView.swift */ = {isa = PBXFileReference; lastKnownFileType = sourcecode.swift; path = RoundedImageView.swift; sourceTree = "<group>"; };
		59E671732576CE5B007EEB28 /* LoginViewController.swift */ = {isa = PBXFileReference; lastKnownFileType = sourcecode.swift; path = LoginViewController.swift; sourceTree = "<group>"; };
/* End PBXFileReference section */

/* Begin PBXFrameworksBuildPhase section */
		59040163257627A3002B062A /* Frameworks */ = {
			isa = PBXFrameworksBuildPhase;
			buildActionMask = 2147483647;
			files = (
			);
			runOnlyForDeploymentPostprocessing = 0;
		};
/* End PBXFrameworksBuildPhase section */

/* Begin PBXGroup section */
		5904015D257627A3002B062A = {
			isa = PBXGroup;
			children = (
				59040168257627A3002B062A /* AltRant */,
				59040167257627A3002B062A /* Products */,
			);
			sourceTree = "<group>";
		};
		59040167257627A3002B062A /* Products */ = {
			isa = PBXGroup;
			children = (
				59040166257627A3002B062A /* AltRant.app */,
			);
			name = Products;
			sourceTree = "<group>";
		};
		59040168257627A3002B062A /* AltRant */ = {
			isa = PBXGroup;
			children = (
				591A752D257F518F001E1FC2 /* AltRant.entitlements */,
				5922A55825779DD1009F3025 /* Extensions */,
				5990651625765FE10058C1D7 /* Data Structures */,
				59906508257643900058C1D7 /* TagListView */,
				5904017F2576292A002B062A /* Template Views */,
				59040169257627A3002B062A /* AppDelegate.swift */,
				59906529257668E90058C1D7 /* APIRequest.swift */,
				5990652C257668FD0058C1D7 /* User.swift */,
				5904016B257627A3002B062A /* SceneDelegate.swift */,
				592B1B2E2578F31300109377 /* RantViewController.swift */,
				59306E952578E68600F6AD08 /* RantViewController.storyboard */,
				59E671732576CE5B007EEB28 /* LoginViewController.swift */,
				5922A55425778C90009F3025 /* LoginViewController.storyboard */,
				5904016D257627A3002B062A /* ViewController.swift */,
				5904016F257627A3002B062A /* Main.storyboard */,
				59040172257627A5002B062A /* Assets.xcassets */,
				59040174257627A5002B062A /* LaunchScreen.storyboard */,
				59040177257627A5002B062A /* Info.plist */,
				59906526257660AF0058C1D7 /* ColorFromHexString.swift */,
				59E671662576BAF4007EEB28 /* PaddingLabel.swift */,
				59E671692576BD74007EEB28 /* RoundedImageView.swift */,
			);
			path = AltRant;
			sourceTree = "<group>";
		};
		5904017F2576292A002B062A /* Template Views */ = {
			isa = PBXGroup;
			children = (
				5904018025762953002B062A /* RantInFeedCell.swift */,
				5904018125762953002B062A /* RantInFeedCell.xib */,
				59E671612576AD12007EEB28 /* RantCell.swift */,
				59E671622576AD12007EEB28 /* RantCell.xib */,
				59C3A1E2257E972F0082E76F /* CommentCell.swift */,
				59C3A1E3257E972F0082E76F /* CommentCell.xib */,
				590A82812580ACFF0025F11A /* Profile View */,
			);
			path = "Template Views";
			sourceTree = "<group>";
		};
		590A82812580ACFF0025F11A /* Profile View */ = {
			isa = PBXGroup;
			children = (
				590A82852580B6600025F11A /* StretchyTableHeaderView.swift */,
				59DA0F6F2580FB5E00AF49BB /* ProfileTableViewController.swift */,
				59DA0F762580FC3400AF49BB /* ProfileTableViewController.storyboard */,
			);
			path = "Profile View";
			sourceTree = "<group>";
		};
		5922A55825779DD1009F3025 /* Extensions */ = {
			isa = PBXGroup;
			children = (
				5922A55925779E0B009F3025 /* UIScrollView+InfiniteScroll.h */,
				5922A55B25779E1E009F3025 /* UIScrollView+InfiniteScroll.m */,
				5922A55A25779E1E009F3025 /* AltRant-Bridging-Header.h */,
				5958FC75257AD89A003D1EDD /* KeyboardAvoiding.swift */,
				5958FC78257AD8B8003D1EDD /* KeyboardAvoidingView.swift */,
				59C3A1D8257E0FAB0082E76F /* UIImage+.swift */,
				59D253552593334400BEA35A /* Double+truncate.swift */,
				59B842EB25947876007F16FC /* UITableView+getAllCells.swift */,
			);
			path = Extensions;
			sourceTree = "<group>";
		};
		59906508257643900058C1D7 /* TagListView */ = {
			isa = PBXGroup;
			children = (
				59906509257643B30058C1D7 /* CloseButton.swift */,
				5990650D257643D60058C1D7 /* TagListView.swift */,
				59906510257644120058C1D7 /* TagView.swift */,
			);
			path = TagListView;
			sourceTree = "<group>";
		};
		5990651625765FE10058C1D7 /* Data Structures */ = {
			isa = PBXGroup;
			children = (
				5990651725765FE10058C1D7 /* CommentModel.swift */,
				5990651825765FE10058C1D7 /* RantInFeed.swift */,
				5990651925765FE10058C1D7 /* Profile.swift */,
				5990651A25765FE10058C1D7 /* File.swift */,
				5990651B25765FE10058C1D7 /* RantModel.swift */,
				5990651C25765FE10058C1D7 /* RantResponse.swift */,
				5990651D25765FE10058C1D7 /* RantFeed.swift */,
				59C3A1DF257E8E990082E76F /* VoteResponse.swift */,
			);
			path = "Data Structures";
			sourceTree = "<group>";
		};
/* End PBXGroup section */

/* Begin PBXNativeTarget section */
		59040165257627A3002B062A /* AltRant */ = {
			isa = PBXNativeTarget;
			buildConfigurationList = 5904017A257627A5002B062A /* Build configuration list for PBXNativeTarget "AltRant" */;
			buildPhases = (
				59040162257627A3002B062A /* Sources */,
				59040163257627A3002B062A /* Frameworks */,
				59040164257627A3002B062A /* Resources */,
			);
			buildRules = (
			);
			dependencies = (
			);
			name = AltRant;
			packageProductDependencies = (
			);
			productName = AltRant;
			productReference = 59040166257627A3002B062A /* AltRant.app */;
			productType = "com.apple.product-type.application";
		};
/* End PBXNativeTarget section */

/* Begin PBXProject section */
		5904015E257627A3002B062A /* Project object */ = {
			isa = PBXProject;
			attributes = {
				LastSwiftUpdateCheck = 1220;
				LastUpgradeCheck = 1220;
				TargetAttributes = {
					59040165257627A3002B062A = {
						CreatedOnToolsVersion = 12.2;
						LastSwiftMigration = 1220;
					};
				};
			};
			buildConfigurationList = 59040161257627A3002B062A /* Build configuration list for PBXProject "AltRant" */;
			compatibilityVersion = "Xcode 9.3";
			developmentRegion = en;
			hasScannedForEncodings = 0;
			knownRegions = (
				en,
				Base,
			);
			mainGroup = 5904015D257627A3002B062A;
			packageReferences = (
			);
			productRefGroup = 59040167257627A3002B062A /* Products */;
			projectDirPath = "";
			projectRoot = "";
			targets = (
				59040165257627A3002B062A /* AltRant */,
			);
		};
/* End PBXProject section */

/* Begin PBXResourcesBuildPhase section */
		59040164257627A3002B062A /* Resources */ = {
			isa = PBXResourcesBuildPhase;
			buildActionMask = 2147483647;
			files = (
				59E671642576AD12007EEB28 /* RantCell.xib in Resources */,
				59040176257627A5002B062A /* LaunchScreen.storyboard in Resources */,
				59DA0F772580FC3400AF49BB /* ProfileTableViewController.storyboard in Resources */,
				59306E962578E68600F6AD08 /* RantViewController.storyboard in Resources */,
				59C3A1E5257E972F0082E76F /* CommentCell.xib in Resources */,
				59040173257627A5002B062A /* Assets.xcassets in Resources */,
				59040171257627A3002B062A /* Main.storyboard in Resources */,
				5922A55525778C90009F3025 /* LoginViewController.storyboard in Resources */,
				5904018325762953002B062A /* RantInFeedCell.xib in Resources */,
			);
			runOnlyForDeploymentPostprocessing = 0;
		};
/* End PBXResourcesBuildPhase section */

/* Begin PBXSourcesBuildPhase section */
		59040162257627A3002B062A /* Sources */ = {
			isa = PBXSourcesBuildPhase;
			buildActionMask = 2147483647;
			files = (
				59E671752576CE5B007EEB28 /* LoginViewController.swift in Sources */,
				59E671632576AD12007EEB28 /* RantCell.swift in Sources */,
				5990650A257643B30058C1D7 /* CloseButton.swift in Sources */,
				59C3A1E0257E8E990082E76F /* VoteResponse.swift in Sources */,
				5990652025765FE10058C1D7 /* Profile.swift in Sources */,
				5990651E25765FE10058C1D7 /* CommentModel.swift in Sources */,
				59DA0F712580FB5E00AF49BB /* ProfileTableViewController.swift in Sources */,
				5990650E257643D60058C1D7 /* TagListView.swift in Sources */,
				59906527257660AF0058C1D7 /* ColorFromHexString.swift in Sources */,
				5990652225765FE10058C1D7 /* RantModel.swift in Sources */,
				59E671672576BAF4007EEB28 /* PaddingLabel.swift in Sources */,
				59C3A1D9257E0FAB0082E76F /* UIImage+.swift in Sources */,
				5904016E257627A3002B062A /* ViewController.swift in Sources */,
				5922A55C25779E1E009F3025 /* UIScrollView+InfiniteScroll.m in Sources */,
				590A82862580B6600025F11A /* StretchyTableHeaderView.swift in Sources */,
				5990652D257668FD0058C1D7 /* User.swift in Sources */,
				59B842EC25947876007F16FC /* UITableView+getAllCells.swift in Sources */,
				5904016A257627A3002B062A /* AppDelegate.swift in Sources */,
				5990652325765FE10058C1D7 /* RantResponse.swift in Sources */,
				592B1B2F2578F31300109377 /* RantViewController.swift in Sources */,
				59906511257644120058C1D7 /* TagView.swift in Sources */,
				5904016C257627A3002B062A /* SceneDelegate.swift in Sources */,
				5990651F25765FE10058C1D7 /* RantInFeed.swift in Sources */,
				5990652125765FE10058C1D7 /* File.swift in Sources */,
				59D253562593334400BEA35A /* Double+truncate.swift in Sources */,
				5958FC76257AD89A003D1EDD /* KeyboardAvoiding.swift in Sources */,
				59E6716A2576BD74007EEB28 /* RoundedImageView.swift in Sources */,
				5990652425765FE10058C1D7 /* RantFeed.swift in Sources */,
				5990652A257668E90058C1D7 /* APIRequest.swift in Sources */,
				5904018225762953002B062A /* RantInFeedCell.swift in Sources */,
				5958FC79257AD8B8003D1EDD /* KeyboardAvoidingView.swift in Sources */,
				59C3A1E4257E972F0082E76F /* CommentCell.swift in Sources */,
			);
			runOnlyForDeploymentPostprocessing = 0;
		};
/* End PBXSourcesBuildPhase section */

/* Begin PBXVariantGroup section */
		5904016F257627A3002B062A /* Main.storyboard */ = {
			isa = PBXVariantGroup;
			children = (
				59040170257627A3002B062A /* Base */,
			);
			name = Main.storyboard;
			sourceTree = "<group>";
		};
		59040174257627A5002B062A /* LaunchScreen.storyboard */ = {
			isa = PBXVariantGroup;
			children = (
				59040175257627A5002B062A /* Base */,
			);
			name = LaunchScreen.storyboard;
			sourceTree = "<group>";
		};
/* End PBXVariantGroup section */

/* Begin XCBuildConfiguration section */
		59040178257627A5002B062A /* Debug */ = {
			isa = XCBuildConfiguration;
			buildSettings = {
				ALWAYS_SEARCH_USER_PATHS = NO;
				CLANG_ANALYZER_NONNULL = YES;
				CLANG_ANALYZER_NUMBER_OBJECT_CONVERSION = YES_AGGRESSIVE;
				CLANG_CXX_LANGUAGE_STANDARD = "gnu++14";
				CLANG_CXX_LIBRARY = "libc++";
				CLANG_ENABLE_MODULES = YES;
				CLANG_ENABLE_OBJC_ARC = YES;
				CLANG_ENABLE_OBJC_WEAK = YES;
				CLANG_WARN_BLOCK_CAPTURE_AUTORELEASING = YES;
				CLANG_WARN_BOOL_CONVERSION = YES;
				CLANG_WARN_COMMA = YES;
				CLANG_WARN_CONSTANT_CONVERSION = YES;
				CLANG_WARN_DEPRECATED_OBJC_IMPLEMENTATIONS = YES;
				CLANG_WARN_DIRECT_OBJC_ISA_USAGE = YES_ERROR;
				CLANG_WARN_DOCUMENTATION_COMMENTS = YES;
				CLANG_WARN_EMPTY_BODY = YES;
				CLANG_WARN_ENUM_CONVERSION = YES;
				CLANG_WARN_INFINITE_RECURSION = YES;
				CLANG_WARN_INT_CONVERSION = YES;
				CLANG_WARN_NON_LITERAL_NULL_CONVERSION = YES;
				CLANG_WARN_OBJC_IMPLICIT_RETAIN_SELF = YES;
				CLANG_WARN_OBJC_LITERAL_CONVERSION = YES;
				CLANG_WARN_OBJC_ROOT_CLASS = YES_ERROR;
				CLANG_WARN_QUOTED_INCLUDE_IN_FRAMEWORK_HEADER = YES;
				CLANG_WARN_RANGE_LOOP_ANALYSIS = YES;
				CLANG_WARN_STRICT_PROTOTYPES = YES;
				CLANG_WARN_SUSPICIOUS_MOVE = YES;
				CLANG_WARN_UNGUARDED_AVAILABILITY = YES_AGGRESSIVE;
				CLANG_WARN_UNREACHABLE_CODE = YES;
				CLANG_WARN__DUPLICATE_METHOD_MATCH = YES;
				COPY_PHASE_STRIP = NO;
				DEBUG_INFORMATION_FORMAT = dwarf;
				ENABLE_STRICT_OBJC_MSGSEND = YES;
				ENABLE_TESTABILITY = YES;
				GCC_C_LANGUAGE_STANDARD = gnu11;
				GCC_DYNAMIC_NO_PIC = NO;
				GCC_NO_COMMON_BLOCKS = YES;
				GCC_OPTIMIZATION_LEVEL = 0;
				GCC_PREPROCESSOR_DEFINITIONS = (
					"DEBUG=1",
					"$(inherited)",
				);
				GCC_WARN_64_TO_32_BIT_CONVERSION = YES;
				GCC_WARN_ABOUT_RETURN_TYPE = YES_ERROR;
				GCC_WARN_UNDECLARED_SELECTOR = YES;
				GCC_WARN_UNINITIALIZED_AUTOS = YES_AGGRESSIVE;
				GCC_WARN_UNUSED_FUNCTION = YES;
				GCC_WARN_UNUSED_VARIABLE = YES;
				IPHONEOS_DEPLOYMENT_TARGET = 14.2;
				MTL_ENABLE_DEBUG_INFO = INCLUDE_SOURCE;
				MTL_FAST_MATH = YES;
				ONLY_ACTIVE_ARCH = YES;
				SDKROOT = iphoneos;
				SWIFT_ACTIVE_COMPILATION_CONDITIONS = DEBUG;
				SWIFT_OPTIMIZATION_LEVEL = "-Onone";
			};
			name = Debug;
		};
		59040179257627A5002B062A /* Release */ = {
			isa = XCBuildConfiguration;
			buildSettings = {
				ALWAYS_SEARCH_USER_PATHS = NO;
				CLANG_ANALYZER_NONNULL = YES;
				CLANG_ANALYZER_NUMBER_OBJECT_CONVERSION = YES_AGGRESSIVE;
				CLANG_CXX_LANGUAGE_STANDARD = "gnu++14";
				CLANG_CXX_LIBRARY = "libc++";
				CLANG_ENABLE_MODULES = YES;
				CLANG_ENABLE_OBJC_ARC = YES;
				CLANG_ENABLE_OBJC_WEAK = YES;
				CLANG_WARN_BLOCK_CAPTURE_AUTORELEASING = YES;
				CLANG_WARN_BOOL_CONVERSION = YES;
				CLANG_WARN_COMMA = YES;
				CLANG_WARN_CONSTANT_CONVERSION = YES;
				CLANG_WARN_DEPRECATED_OBJC_IMPLEMENTATIONS = YES;
				CLANG_WARN_DIRECT_OBJC_ISA_USAGE = YES_ERROR;
				CLANG_WARN_DOCUMENTATION_COMMENTS = YES;
				CLANG_WARN_EMPTY_BODY = YES;
				CLANG_WARN_ENUM_CONVERSION = YES;
				CLANG_WARN_INFINITE_RECURSION = YES;
				CLANG_WARN_INT_CONVERSION = YES;
				CLANG_WARN_NON_LITERAL_NULL_CONVERSION = YES;
				CLANG_WARN_OBJC_IMPLICIT_RETAIN_SELF = YES;
				CLANG_WARN_OBJC_LITERAL_CONVERSION = YES;
				CLANG_WARN_OBJC_ROOT_CLASS = YES_ERROR;
				CLANG_WARN_QUOTED_INCLUDE_IN_FRAMEWORK_HEADER = YES;
				CLANG_WARN_RANGE_LOOP_ANALYSIS = YES;
				CLANG_WARN_STRICT_PROTOTYPES = YES;
				CLANG_WARN_SUSPICIOUS_MOVE = YES;
				CLANG_WARN_UNGUARDED_AVAILABILITY = YES_AGGRESSIVE;
				CLANG_WARN_UNREACHABLE_CODE = YES;
				CLANG_WARN__DUPLICATE_METHOD_MATCH = YES;
				COPY_PHASE_STRIP = NO;
				DEBUG_INFORMATION_FORMAT = "dwarf-with-dsym";
				ENABLE_NS_ASSERTIONS = NO;
				ENABLE_STRICT_OBJC_MSGSEND = YES;
				GCC_C_LANGUAGE_STANDARD = gnu11;
				GCC_NO_COMMON_BLOCKS = YES;
				GCC_WARN_64_TO_32_BIT_CONVERSION = YES;
				GCC_WARN_ABOUT_RETURN_TYPE = YES_ERROR;
				GCC_WARN_UNDECLARED_SELECTOR = YES;
				GCC_WARN_UNINITIALIZED_AUTOS = YES_AGGRESSIVE;
				GCC_WARN_UNUSED_FUNCTION = YES;
				GCC_WARN_UNUSED_VARIABLE = YES;
				IPHONEOS_DEPLOYMENT_TARGET = 14.2;
				MTL_ENABLE_DEBUG_INFO = NO;
				MTL_FAST_MATH = YES;
				SDKROOT = iphoneos;
				SWIFT_COMPILATION_MODE = wholemodule;
				SWIFT_OPTIMIZATION_LEVEL = "-O";
				VALIDATE_PRODUCT = YES;
			};
			name = Release;
		};
		5904017B257627A5002B062A /* Debug */ = {
			isa = XCBuildConfiguration;
			buildSettings = {
				ASSETCATALOG_COMPILER_APPICON_NAME = AppIcon;
				ASSETCATALOG_COMPILER_GLOBAL_ACCENT_COLOR_NAME = AccentColor;
				CLANG_ENABLE_MODULES = YES;
				CODE_SIGN_ENTITLEMENTS = AltRant/AltRant.entitlements;
				CODE_SIGN_STYLE = Automatic;
				DEVELOPMENT_TEAM = 666F768P5J;
				INFOPLIST_FILE = AltRant/Info.plist;
				LD_RUNPATH_SEARCH_PATHS = (
					"$(inherited)",
					"@executable_path/Frameworks",
				);
				PRODUCT_BUNDLE_IDENTIFIER = com.cracksoftware.AltRant;
				PRODUCT_NAME = "$(TARGET_NAME)";
				SUPPORTS_MACCATALYST = YES;
				SWIFT_OBJC_BRIDGING_HEADER = "AltRant/Extensions/AltRant-Bridging-Header.h";
				SWIFT_OPTIMIZATION_LEVEL = "-Onone";
				SWIFT_VERSION = 5.0;
				TARGETED_DEVICE_FAMILY = "1,2";
			};
			name = Debug;
		};
		5904017C257627A5002B062A /* Release */ = {
			isa = XCBuildConfiguration;
			buildSettings = {
				ASSETCATALOG_COMPILER_APPICON_NAME = AppIcon;
				ASSETCATALOG_COMPILER_GLOBAL_ACCENT_COLOR_NAME = AccentColor;
				CLANG_ENABLE_MODULES = YES;
				CODE_SIGN_ENTITLEMENTS = AltRant/AltRant.entitlements;
				CODE_SIGN_STYLE = Automatic;
				DEVELOPMENT_TEAM = 666F768P5J;
				INFOPLIST_FILE = AltRant/Info.plist;
				LD_RUNPATH_SEARCH_PATHS = (
					"$(inherited)",
					"@executable_path/Frameworks",
				);
				PRODUCT_BUNDLE_IDENTIFIER = com.cracksoftware.AltRant;
				PRODUCT_NAME = "$(TARGET_NAME)";
				SUPPORTS_MACCATALYST = YES;
				SWIFT_OBJC_BRIDGING_HEADER = "AltRant/Extensions/AltRant-Bridging-Header.h";
				SWIFT_VERSION = 5.0;
				TARGETED_DEVICE_FAMILY = "1,2";
			};
			name = Release;
		};
/* End XCBuildConfiguration section */

/* Begin XCConfigurationList section */
		59040161257627A3002B062A /* Build configuration list for PBXProject "AltRant" */ = {
			isa = XCConfigurationList;
			buildConfigurations = (
				59040178257627A5002B062A /* Debug */,
				59040179257627A5002B062A /* Release */,
			);
			defaultConfigurationIsVisible = 0;
			defaultConfigurationName = Release;
		};
		5904017A257627A5002B062A /* Build configuration list for PBXNativeTarget "AltRant" */ = {
			isa = XCConfigurationList;
			buildConfigurations = (
				5904017B257627A5002B062A /* Debug */,
				5904017C257627A5002B062A /* Release */,
			);
			defaultConfigurationIsVisible = 0;
			defaultConfigurationName = Release;
		};
/* End XCConfigurationList section */
	};
	rootObject = 5904015E257627A3002B062A /* Project object */;
}
